// !$*UTF8*$!
{
	archiveVersion = 1;
	classes = {
	};
	objectVersion = 46;
	objects = {

/* Begin PBXAggregateTarget section */
		DC4AD6A01846F74A00F0365B /* Downsample Images */ = {
			isa = PBXAggregateTarget;
			buildConfigurationList = DC4AD6A11846F74A00F0365B /* Build configuration list for PBXAggregateTarget "Downsample Images" */;
			buildPhases = (
				DC4AD6B51846F83300F0365B /* ShellScript */,
			);
			dependencies = (
			);
			name = "Downsample Images";
			productName = "Downsample Images";
		};
/* End PBXAggregateTarget section */

/* Begin PBXBuildFile section */
		50DFE3D3409C427094ED9EBE /* libPods.a in Frameworks */ = {isa = PBXBuildFile; fileRef = F08D68B12A364CA3BF17CAA4 /* libPods.a */; };
		DC4AD6981846F35700F0365B /* BrotherCell.m in Sources */ = {isa = PBXBuildFile; fileRef = DC4AD6971846F35700F0365B /* BrotherCell.m */; };
		DC4AD69C1846F6FA00F0365B /* group@2x.png in Resources */ = {isa = PBXBuildFile; fileRef = DC4AD6991846F6FA00F0365B /* group@2x.png */; };
		DC4AD69D1846F6FA00F0365B /* home@2x.png in Resources */ = {isa = PBXBuildFile; fileRef = DC4AD69A1846F6FA00F0365B /* home@2x.png */; };
		DC4AD69E1846F6FA00F0365B /* map-marker@2x.png in Resources */ = {isa = PBXBuildFile; fileRef = DC4AD69B1846F6FA00F0365B /* map-marker@2x.png */; };
		DC4AD6BA1846F92300F0365B /* calendar-empty@2x.png in Resources */ = {isa = PBXBuildFile; fileRef = DC4AD6B81846F92300F0365B /* calendar-empty@2x.png */; };
		DC4AD6BB1846F92300F0365B /* calendar@2x.png in Resources */ = {isa = PBXBuildFile; fileRef = DC4AD6B91846F92300F0365B /* calendar@2x.png */; };
		DC4AD6C01846FDFA00F0365B /* QMBParallaxScrollViewController.m in Sources */ = {isa = PBXBuildFile; fileRef = DC4AD6BD1846FDFA00F0365B /* QMBParallaxScrollViewController.m */; };
		DC4AD6C11846FDFA00F0365B /* UIViewController+QMBParallaxScrollViewController.m in Sources */ = {isa = PBXBuildFile; fileRef = DC4AD6BF1846FDFA00F0365B /* UIViewController+QMBParallaxScrollViewController.m */; };
		DC4AD6C9184700DC00F0365B /* ImageGalleryViewController.m in Sources */ = {isa = PBXBuildFile; fileRef = DC4AD6C8184700DC00F0365B /* ImageGalleryViewController.m */; };
		DC4AD6CD1847013200F0365B /* house.jpeg in Resources */ = {isa = PBXBuildFile; fileRef = DC4AD6CA1847013200F0365B /* house.jpeg */; };
		DC4AD6CE1847013200F0365B /* house2.jpeg in Resources */ = {isa = PBXBuildFile; fileRef = DC4AD6CB1847013200F0365B /* house2.jpeg */; };
		DC4AD6CF1847013200F0365B /* house3.jpeg in Resources */ = {isa = PBXBuildFile; fileRef = DC4AD6CC1847013200F0365B /* house3.jpeg */; };
		DC4AD6D21847028A00F0365B /* HouseInformationTableViewController.m in Sources */ = {isa = PBXBuildFile; fileRef = DC4AD6D11847028A00F0365B /* HouseInformationTableViewController.m */; };
		DC8FC95C1846DCDA00B764A6 /* Foundation.framework in Frameworks */ = {isa = PBXBuildFile; fileRef = DC8FC95B1846DCDA00B764A6 /* Foundation.framework */; };
		DC8FC95E1846DCDA00B764A6 /* CoreGraphics.framework in Frameworks */ = {isa = PBXBuildFile; fileRef = DC8FC95D1846DCDA00B764A6 /* CoreGraphics.framework */; };
		DC8FC9601846DCDA00B764A6 /* UIKit.framework in Frameworks */ = {isa = PBXBuildFile; fileRef = DC8FC95F1846DCDA00B764A6 /* UIKit.framework */; };
		DC8FC9661846DCDA00B764A6 /* InfoPlist.strings in Resources */ = {isa = PBXBuildFile; fileRef = DC8FC9641846DCDA00B764A6 /* InfoPlist.strings */; };
		DC8FC9681846DCDA00B764A6 /* main.m in Sources */ = {isa = PBXBuildFile; fileRef = DC8FC9671846DCDA00B764A6 /* main.m */; };
		DC8FC96C1846DCDA00B764A6 /* AppDelegate.m in Sources */ = {isa = PBXBuildFile; fileRef = DC8FC96B1846DCDA00B764A6 /* AppDelegate.m */; };
		DC8FC96F1846DCDA00B764A6 /* Main.storyboard in Resources */ = {isa = PBXBuildFile; fileRef = DC8FC96D1846DCDA00B764A6 /* Main.storyboard */; };
		DC8FC9721846DCDA00B764A6 /* HouseViewController.m in Sources */ = {isa = PBXBuildFile; fileRef = DC8FC9711846DCDA00B764A6 /* HouseViewController.m */; };
		DC8FC9751846DCDA00B764A6 /* BrothersViewController.m in Sources */ = {isa = PBXBuildFile; fileRef = DC8FC9741846DCDA00B764A6 /* BrothersViewController.m */; };
		DC8FC9771846DCDA00B764A6 /* Images.xcassets in Resources */ = {isa = PBXBuildFile; fileRef = DC8FC9761846DCDA00B764A6 /* Images.xcassets */; };
		DC8FC97E1846DCDB00B764A6 /* XCTest.framework in Frameworks */ = {isa = PBXBuildFile; fileRef = DC8FC97D1846DCDB00B764A6 /* XCTest.framework */; };
		DC8FC97F1846DCDB00B764A6 /* Foundation.framework in Frameworks */ = {isa = PBXBuildFile; fileRef = DC8FC95B1846DCDA00B764A6 /* Foundation.framework */; };
		DC8FC9801846DCDB00B764A6 /* UIKit.framework in Frameworks */ = {isa = PBXBuildFile; fileRef = DC8FC95F1846DCDA00B764A6 /* UIKit.framework */; };
		DC8FC9881846DCDB00B764A6 /* InfoPlist.strings in Resources */ = {isa = PBXBuildFile; fileRef = DC8FC9861846DCDB00B764A6 /* InfoPlist.strings */; };
		DC8FC98A1846DCDB00B764A6 /* NYEpsilonTests.m in Sources */ = {isa = PBXBuildFile; fileRef = DC8FC9891846DCDB00B764A6 /* NYEpsilonTests.m */; };
		DC8FC99F1846E11A00B764A6 /* NYEClient.m in Sources */ = {isa = PBXBuildFile; fileRef = DC8FC99E1846E11A00B764A6 /* NYEClient.m */; };
		DCCE6DF4184715190086F4DE /* CKCalendarView.m in Sources */ = {isa = PBXBuildFile; fileRef = DCCE6DF3184715190086F4DE /* CKCalendarView.m */; };
		DCCE6DF7184715970086F4DE /* EventsViewController.m in Sources */ = {isa = PBXBuildFile; fileRef = DCCE6DF6184715970086F4DE /* EventsViewController.m */; };
/* End PBXBuildFile section */

/* Begin PBXContainerItemProxy section */
		DC4AD6B61846F84E00F0365B /* PBXContainerItemProxy */ = {
			isa = PBXContainerItemProxy;
			containerPortal = DC8FC9501846DCDA00B764A6 /* Project object */;
			proxyType = 1;
			remoteGlobalIDString = DC4AD6A01846F74A00F0365B;
			remoteInfo = "Downsample Images";
		};
		DC8FC9811846DCDB00B764A6 /* PBXContainerItemProxy */ = {
			isa = PBXContainerItemProxy;
			containerPortal = DC8FC9501846DCDA00B764A6 /* Project object */;
			proxyType = 1;
			remoteGlobalIDString = DC8FC9571846DCDA00B764A6;
			remoteInfo = NYEpsilon;
		};
/* End PBXContainerItemProxy section */

/* Begin PBXFileReference section */
		DC4AD6961846F35700F0365B /* BrotherCell.h */ = {isa = PBXFileReference; fileEncoding = 4; lastKnownFileType = sourcecode.c.h; path = BrotherCell.h; sourceTree = "<group>"; };
		DC4AD6971846F35700F0365B /* BrotherCell.m */ = {isa = PBXFileReference; fileEncoding = 4; lastKnownFileType = sourcecode.c.objc; path = BrotherCell.m; sourceTree = "<group>"; };
		DC4AD6991846F6FA00F0365B /* group@2x.png */ = {isa = PBXFileReference; lastKnownFileType = image.png; name = "group@2x.png"; path = "Icons/group@2x.png"; sourceTree = "<group>"; };
		DC4AD69A1846F6FA00F0365B /* home@2x.png */ = {isa = PBXFileReference; lastKnownFileType = image.png; name = "home@2x.png"; path = "Icons/home@2x.png"; sourceTree = "<group>"; };
		DC4AD69B1846F6FA00F0365B /* map-marker@2x.png */ = {isa = PBXFileReference; lastKnownFileType = image.png; name = "map-marker@2x.png"; path = "Icons/map-marker@2x.png"; sourceTree = "<group>"; };
		DC4AD6B81846F92300F0365B /* calendar-empty@2x.png */ = {isa = PBXFileReference; lastKnownFileType = image.png; name = "calendar-empty@2x.png"; path = "Icons/calendar-empty@2x.png"; sourceTree = "<group>"; };
		DC4AD6B91846F92300F0365B /* calendar@2x.png */ = {isa = PBXFileReference; lastKnownFileType = image.png; name = "calendar@2x.png"; path = "Icons/calendar@2x.png"; sourceTree = "<group>"; };
		DC4AD6BC1846FDFA00F0365B /* QMBParallaxScrollViewController.h */ = {isa = PBXFileReference; fileEncoding = 4; lastKnownFileType = sourcecode.c.h; path = QMBParallaxScrollViewController.h; sourceTree = "<group>"; };
		DC4AD6BD1846FDFA00F0365B /* QMBParallaxScrollViewController.m */ = {isa = PBXFileReference; fileEncoding = 4; lastKnownFileType = sourcecode.c.objc; path = QMBParallaxScrollViewController.m; sourceTree = "<group>"; };
		DC4AD6BE1846FDFA00F0365B /* UIViewController+QMBParallaxScrollViewController.h */ = {isa = PBXFileReference; fileEncoding = 4; lastKnownFileType = sourcecode.c.h; path = "UIViewController+QMBParallaxScrollViewController.h"; sourceTree = "<group>"; };
		DC4AD6BF1846FDFA00F0365B /* UIViewController+QMBParallaxScrollViewController.m */ = {isa = PBXFileReference; fileEncoding = 4; lastKnownFileType = sourcecode.c.objc; path = "UIViewController+QMBParallaxScrollViewController.m"; sourceTree = "<group>"; };
		DC4AD6C7184700DC00F0365B /* ImageGalleryViewController.h */ = {isa = PBXFileReference; fileEncoding = 4; lastKnownFileType = sourcecode.c.h; path = ImageGalleryViewController.h; sourceTree = "<group>"; };
		DC4AD6C8184700DC00F0365B /* ImageGalleryViewController.m */ = {isa = PBXFileReference; fileEncoding = 4; lastKnownFileType = sourcecode.c.objc; path = ImageGalleryViewController.m; sourceTree = "<group>"; };
		DC4AD6CA1847013200F0365B /* house.jpeg */ = {isa = PBXFileReference; lastKnownFileType = image.jpeg; path = house.jpeg; sourceTree = "<group>"; };
		DC4AD6CB1847013200F0365B /* house2.jpeg */ = {isa = PBXFileReference; lastKnownFileType = image.jpeg; path = house2.jpeg; sourceTree = "<group>"; };
		DC4AD6CC1847013200F0365B /* house3.jpeg */ = {isa = PBXFileReference; lastKnownFileType = image.jpeg; path = house3.jpeg; sourceTree = "<group>"; };
		DC4AD6D01847028A00F0365B /* HouseInformationTableViewController.h */ = {isa = PBXFileReference; fileEncoding = 4; lastKnownFileType = sourcecode.c.h; path = HouseInformationTableViewController.h; sourceTree = "<group>"; };
		DC4AD6D11847028A00F0365B /* HouseInformationTableViewController.m */ = {isa = PBXFileReference; fileEncoding = 4; lastKnownFileType = sourcecode.c.objc; path = HouseInformationTableViewController.m; sourceTree = "<group>"; };
		DC8FC9581846DCDA00B764A6 /* NYEpsilon.app */ = {isa = PBXFileReference; explicitFileType = wrapper.application; includeInIndex = 0; path = NYEpsilon.app; sourceTree = BUILT_PRODUCTS_DIR; };
		DC8FC95B1846DCDA00B764A6 /* Foundation.framework */ = {isa = PBXFileReference; lastKnownFileType = wrapper.framework; name = Foundation.framework; path = System/Library/Frameworks/Foundation.framework; sourceTree = SDKROOT; };
		DC8FC95D1846DCDA00B764A6 /* CoreGraphics.framework */ = {isa = PBXFileReference; lastKnownFileType = wrapper.framework; name = CoreGraphics.framework; path = System/Library/Frameworks/CoreGraphics.framework; sourceTree = SDKROOT; };
		DC8FC95F1846DCDA00B764A6 /* UIKit.framework */ = {isa = PBXFileReference; lastKnownFileType = wrapper.framework; name = UIKit.framework; path = System/Library/Frameworks/UIKit.framework; sourceTree = SDKROOT; };
		DC8FC9631846DCDA00B764A6 /* NYEpsilon-Info.plist */ = {isa = PBXFileReference; lastKnownFileType = text.plist.xml; path = "NYEpsilon-Info.plist"; sourceTree = "<group>"; };
		DC8FC9651846DCDA00B764A6 /* en */ = {isa = PBXFileReference; lastKnownFileType = text.plist.strings; name = en; path = en.lproj/InfoPlist.strings; sourceTree = "<group>"; };
		DC8FC9671846DCDA00B764A6 /* main.m */ = {isa = PBXFileReference; lastKnownFileType = sourcecode.c.objc; path = main.m; sourceTree = "<group>"; };
		DC8FC9691846DCDA00B764A6 /* NYEpsilon-Prefix.pch */ = {isa = PBXFileReference; lastKnownFileType = sourcecode.c.h; path = "NYEpsilon-Prefix.pch"; sourceTree = "<group>"; };
		DC8FC96A1846DCDA00B764A6 /* AppDelegate.h */ = {isa = PBXFileReference; lastKnownFileType = sourcecode.c.h; path = AppDelegate.h; sourceTree = "<group>"; };
		DC8FC96B1846DCDA00B764A6 /* AppDelegate.m */ = {isa = PBXFileReference; lastKnownFileType = sourcecode.c.objc; path = AppDelegate.m; sourceTree = "<group>"; };
		DC8FC96E1846DCDA00B764A6 /* Base */ = {isa = PBXFileReference; lastKnownFileType = file.storyboard; name = Base; path = Base.lproj/Main.storyboard; sourceTree = "<group>"; };
		DC8FC9701846DCDA00B764A6 /* HouseViewController.h */ = {isa = PBXFileReference; lastKnownFileType = sourcecode.c.h; path = HouseViewController.h; sourceTree = "<group>"; };
		DC8FC9711846DCDA00B764A6 /* HouseViewController.m */ = {isa = PBXFileReference; lastKnownFileType = sourcecode.c.objc; path = HouseViewController.m; sourceTree = "<group>"; };
		DC8FC9731846DCDA00B764A6 /* BrothersViewController.h */ = {isa = PBXFileReference; lastKnownFileType = sourcecode.c.h; path = BrothersViewController.h; sourceTree = "<group>"; };
		DC8FC9741846DCDA00B764A6 /* BrothersViewController.m */ = {isa = PBXFileReference; lastKnownFileType = sourcecode.c.objc; path = BrothersViewController.m; sourceTree = "<group>"; };
		DC8FC9761846DCDA00B764A6 /* Images.xcassets */ = {isa = PBXFileReference; lastKnownFileType = folder.assetcatalog; path = Images.xcassets; sourceTree = "<group>"; };
		DC8FC97C1846DCDB00B764A6 /* NYEpsilonTests.xctest */ = {isa = PBXFileReference; explicitFileType = wrapper.cfbundle; includeInIndex = 0; path = NYEpsilonTests.xctest; sourceTree = BUILT_PRODUCTS_DIR; };
		DC8FC97D1846DCDB00B764A6 /* XCTest.framework */ = {isa = PBXFileReference; lastKnownFileType = wrapper.framework; name = XCTest.framework; path = Library/Frameworks/XCTest.framework; sourceTree = DEVELOPER_DIR; };
		DC8FC9851846DCDB00B764A6 /* NYEpsilonTests-Info.plist */ = {isa = PBXFileReference; lastKnownFileType = text.plist.xml; path = "NYEpsilonTests-Info.plist"; sourceTree = "<group>"; };
		DC8FC9871846DCDB00B764A6 /* en */ = {isa = PBXFileReference; lastKnownFileType = text.plist.strings; name = en; path = en.lproj/InfoPlist.strings; sourceTree = "<group>"; };
		DC8FC9891846DCDB00B764A6 /* NYEpsilonTests.m */ = {isa = PBXFileReference; lastKnownFileType = sourcecode.c.objc; path = NYEpsilonTests.m; sourceTree = "<group>"; };
		DC8FC99D1846E11A00B764A6 /* NYEClient.h */ = {isa = PBXFileReference; fileEncoding = 4; lastKnownFileType = sourcecode.c.h; path = NYEClient.h; sourceTree = "<group>"; };
		DC8FC99E1846E11A00B764A6 /* NYEClient.m */ = {isa = PBXFileReference; fileEncoding = 4; lastKnownFileType = sourcecode.c.objc; path = NYEClient.m; sourceTree = "<group>"; };
		DCCE6DF2184715190086F4DE /* CKCalendarView.h */ = {isa = PBXFileReference; fileEncoding = 4; lastKnownFileType = sourcecode.c.h; path = CKCalendarView.h; sourceTree = "<group>"; };
		DCCE6DF3184715190086F4DE /* CKCalendarView.m */ = {isa = PBXFileReference; fileEncoding = 4; lastKnownFileType = sourcecode.c.objc; path = CKCalendarView.m; sourceTree = "<group>"; };
		DCCE6DF5184715970086F4DE /* EventsViewController.h */ = {isa = PBXFileReference; fileEncoding = 4; lastKnownFileType = sourcecode.c.h; path = EventsViewController.h; sourceTree = "<group>"; };
		DCCE6DF6184715970086F4DE /* EventsViewController.m */ = {isa = PBXFileReference; fileEncoding = 4; lastKnownFileType = sourcecode.c.objc; path = EventsViewController.m; sourceTree = "<group>"; };
		E3D9D6648FD0496DB6475732 /* Pods/Pods.xcconfig */ = {isa = PBXFileReference; includeInIndex = 1; lastKnownFileType = text.xcconfig; path = Pods/Pods.xcconfig; sourceTree = SOURCE_ROOT; };
		F08D68B12A364CA3BF17CAA4 /* libPods.a */ = {isa = PBXFileReference; explicitFileType = archive.ar; includeInIndex = 0; path = libPods.a; sourceTree = BUILT_PRODUCTS_DIR; };
/* End PBXFileReference section */

/* Begin PBXFrameworksBuildPhase section */
		DC8FC9551846DCDA00B764A6 /* Frameworks */ = {
			isa = PBXFrameworksBuildPhase;
			buildActionMask = 2147483647;
			files = (
				DC8FC95E1846DCDA00B764A6 /* CoreGraphics.framework in Frameworks */,
				DC8FC9601846DCDA00B764A6 /* UIKit.framework in Frameworks */,
				DC8FC95C1846DCDA00B764A6 /* Foundation.framework in Frameworks */,
				50DFE3D3409C427094ED9EBE /* libPods.a in Frameworks */,
			);
			runOnlyForDeploymentPostprocessing = 0;
		};
		DC8FC9791846DCDB00B764A6 /* Frameworks */ = {
			isa = PBXFrameworksBuildPhase;
			buildActionMask = 2147483647;
			files = (
				DC8FC97E1846DCDB00B764A6 /* XCTest.framework in Frameworks */,
				DC8FC9801846DCDB00B764A6 /* UIKit.framework in Frameworks */,
				DC8FC97F1846DCDB00B764A6 /* Foundation.framework in Frameworks */,
			);
			runOnlyForDeploymentPostprocessing = 0;
		};
/* End PBXFrameworksBuildPhase section */

/* Begin PBXGroup section */
		DC4AD69F1846F70100F0365B /* Icons */ = {
			isa = PBXGroup;
			children = (
				DC4AD6B81846F92300F0365B /* calendar-empty@2x.png */,
				DC4AD6B91846F92300F0365B /* calendar@2x.png */,
				DC4AD6991846F6FA00F0365B /* group@2x.png */,
				DC4AD69A1846F6FA00F0365B /* home@2x.png */,
				DC4AD69B1846F6FA00F0365B /* map-marker@2x.png */,
			);
			name = Icons;
			sourceTree = "<group>";
		};
		DC4AD6C51847009200F0365B /* Third Party Classes */ = {
			isa = PBXGroup;
			children = (
				DCCE6DF2184715190086F4DE /* CKCalendarView.h */,
				DCCE6DF3184715190086F4DE /* CKCalendarView.m */,
				DC4AD6BC1846FDFA00F0365B /* QMBParallaxScrollViewController.h */,
				DC4AD6BD1846FDFA00F0365B /* QMBParallaxScrollViewController.m */,
				DC4AD6BE1846FDFA00F0365B /* UIViewController+QMBParallaxScrollViewController.h */,
				DC4AD6BF1846FDFA00F0365B /* UIViewController+QMBParallaxScrollViewController.m */,
			);
			name = "Third Party Classes";
			sourceTree = "<group>";
		};
		DC4AD6D31847031D00F0365B /* The House */ = {
			isa = PBXGroup;
			children = (
				DC4AD6C7184700DC00F0365B /* ImageGalleryViewController.h */,
				DC4AD6C8184700DC00F0365B /* ImageGalleryViewController.m */,
				DC4AD6D01847028A00F0365B /* HouseInformationTableViewController.h */,
				DC4AD6D11847028A00F0365B /* HouseInformationTableViewController.m */,
				DC8FC9701846DCDA00B764A6 /* HouseViewController.h */,
				DC8FC9711846DCDA00B764A6 /* HouseViewController.m */,
			);
			name = "The House";
			sourceTree = "<group>";
		};
		DC8FC94F1846DCDA00B764A6 = {
			isa = PBXGroup;
			children = (
				DC8FC9611846DCDA00B764A6 /* NYEpsilon */,
				DC8FC9831846DCDB00B764A6 /* NYEpsilonTests */,
				DC8FC95A1846DCDA00B764A6 /* Frameworks */,
				DC8FC9591846DCDA00B764A6 /* Products */,
				E3D9D6648FD0496DB6475732 /* Pods/Pods.xcconfig */,
			);
			sourceTree = "<group>";
		};
		DC8FC9591846DCDA00B764A6 /* Products */ = {
			isa = PBXGroup;
			children = (
				DC8FC9581846DCDA00B764A6 /* NYEpsilon.app */,
				DC8FC97C1846DCDB00B764A6 /* NYEpsilonTests.xctest */,
			);
			name = Products;
			sourceTree = "<group>";
		};
		DC8FC95A1846DCDA00B764A6 /* Frameworks */ = {
			isa = PBXGroup;
			children = (
				DC8FC95B1846DCDA00B764A6 /* Foundation.framework */,
				DC8FC95D1846DCDA00B764A6 /* CoreGraphics.framework */,
				DC8FC95F1846DCDA00B764A6 /* UIKit.framework */,
				DC8FC97D1846DCDB00B764A6 /* XCTest.framework */,
				F08D68B12A364CA3BF17CAA4 /* libPods.a */,
			);
			name = Frameworks;
			sourceTree = "<group>";
		};
		DC8FC9611846DCDA00B764A6 /* NYEpsilon */ = {
			isa = PBXGroup;
			children = (
				DC4AD6D31847031D00F0365B /* The House */,
				DC4AD6C51847009200F0365B /* Third Party Classes */,
				DC4AD69F1846F70100F0365B /* Icons */,
				DC8FC96A1846DCDA00B764A6 /* AppDelegate.h */,
				DC8FC96B1846DCDA00B764A6 /* AppDelegate.m */,
				DC8FC96D1846DCDA00B764A6 /* Main.storyboard */,
				DC4AD6961846F35700F0365B /* BrotherCell.h */,
				DC4AD6971846F35700F0365B /* BrotherCell.m */,
				DC8FC9731846DCDA00B764A6 /* BrothersViewController.h */,
				DC8FC9741846DCDA00B764A6 /* BrothersViewController.m */,
				DCCE6DF5184715970086F4DE /* EventsViewController.h */,
				DCCE6DF6184715970086F4DE /* EventsViewController.m */,
				DC8FC99D1846E11A00B764A6 /* NYEClient.h */,
				DC8FC99E1846E11A00B764A6 /* NYEClient.m */,
				DC4AD6CA1847013200F0365B /* house.jpeg */,
				DC4AD6CB1847013200F0365B /* house2.jpeg */,
				DC4AD6CC1847013200F0365B /* house3.jpeg */,
				DC8FC9761846DCDA00B764A6 /* Images.xcassets */,
				DC8FC9621846DCDA00B764A6 /* Supporting Files */,
			);
			path = NYEpsilon;
			sourceTree = "<group>";
		};
		DC8FC9621846DCDA00B764A6 /* Supporting Files */ = {
			isa = PBXGroup;
			children = (
				DC8FC9631846DCDA00B764A6 /* NYEpsilon-Info.plist */,
				DC8FC9641846DCDA00B764A6 /* InfoPlist.strings */,
				DC8FC9671846DCDA00B764A6 /* main.m */,
				DC8FC9691846DCDA00B764A6 /* NYEpsilon-Prefix.pch */,
			);
			name = "Supporting Files";
			sourceTree = "<group>";
		};
		DC8FC9831846DCDB00B764A6 /* NYEpsilonTests */ = {
			isa = PBXGroup;
			children = (
				DC8FC9891846DCDB00B764A6 /* NYEpsilonTests.m */,
				DC8FC9841846DCDB00B764A6 /* Supporting Files */,
			);
			path = NYEpsilonTests;
			sourceTree = "<group>";
		};
		DC8FC9841846DCDB00B764A6 /* Supporting Files */ = {
			isa = PBXGroup;
			children = (
				DC8FC9851846DCDB00B764A6 /* NYEpsilonTests-Info.plist */,
				DC8FC9861846DCDB00B764A6 /* InfoPlist.strings */,
			);
			name = "Supporting Files";
			sourceTree = "<group>";
		};
/* End PBXGroup section */

/* Begin PBXNativeTarget section */
		DC8FC9571846DCDA00B764A6 /* NYEpsilon */ = {
			isa = PBXNativeTarget;
			buildConfigurationList = DC8FC98D1846DCDB00B764A6 /* Build configuration list for PBXNativeTarget "NYEpsilon" */;
			buildPhases = (
				99ECAC83A39E4992AD03941A /* Check Pods Manifest.lock */,
				DC8FC9541846DCDA00B764A6 /* Sources */,
				DC8FC9551846DCDA00B764A6 /* Frameworks */,
				DC8FC9561846DCDA00B764A6 /* Resources */,
				4900CAF01B7E40619846D876 /* Copy Pods Resources */,
			);
			buildRules = (
			);
			dependencies = (
				DC4AD6B71846F84E00F0365B /* PBXTargetDependency */,
			);
			name = NYEpsilon;
			productName = NYEpsilon;
			productReference = DC8FC9581846DCDA00B764A6 /* NYEpsilon.app */;
			productType = "com.apple.product-type.application";
		};
		DC8FC97B1846DCDB00B764A6 /* NYEpsilonTests */ = {
			isa = PBXNativeTarget;
			buildConfigurationList = DC8FC9901846DCDB00B764A6 /* Build configuration list for PBXNativeTarget "NYEpsilonTests" */;
			buildPhases = (
				DC8FC9781846DCDB00B764A6 /* Sources */,
				DC8FC9791846DCDB00B764A6 /* Frameworks */,
				DC8FC97A1846DCDB00B764A6 /* Resources */,
			);
			buildRules = (
			);
			dependencies = (
				DC8FC9821846DCDB00B764A6 /* PBXTargetDependency */,
			);
			name = NYEpsilonTests;
			productName = NYEpsilonTests;
			productReference = DC8FC97C1846DCDB00B764A6 /* NYEpsilonTests.xctest */;
			productType = "com.apple.product-type.bundle.unit-test";
		};
/* End PBXNativeTarget section */

/* Begin PBXProject section */
		DC8FC9501846DCDA00B764A6 /* Project object */ = {
			isa = PBXProject;
			attributes = {
				LastUpgradeCheck = 0500;
				ORGANIZATIONNAME = "Stephen Silber";
				TargetAttributes = {
					DC8FC97B1846DCDB00B764A6 = {
						TestTargetID = DC8FC9571846DCDA00B764A6;
					};
				};
			};
			buildConfigurationList = DC8FC9531846DCDA00B764A6 /* Build configuration list for PBXProject "NYEpsilon" */;
			compatibilityVersion = "Xcode 3.2";
			developmentRegion = English;
			hasScannedForEncodings = 0;
			knownRegions = (
				en,
				Base,
			);
			mainGroup = DC8FC94F1846DCDA00B764A6;
			productRefGroup = DC8FC9591846DCDA00B764A6 /* Products */;
			projectDirPath = "";
			projectRoot = "";
			targets = (
				DC8FC9571846DCDA00B764A6 /* NYEpsilon */,
				DC8FC97B1846DCDB00B764A6 /* NYEpsilonTests */,
				DC4AD6A01846F74A00F0365B /* Downsample Images */,
			);
		};
/* End PBXProject section */

/* Begin PBXResourcesBuildPhase section */
		DC8FC9561846DCDA00B764A6 /* Resources */ = {
			isa = PBXResourcesBuildPhase;
			buildActionMask = 2147483647;
			files = (
				DC4AD69D1846F6FA00F0365B /* home@2x.png in Resources */,
				DC4AD69E1846F6FA00F0365B /* map-marker@2x.png in Resources */,
				DC4AD6CD1847013200F0365B /* house.jpeg in Resources */,
				DC4AD6BA1846F92300F0365B /* calendar-empty@2x.png in Resources */,
				DC8FC9771846DCDA00B764A6 /* Images.xcassets in Resources */,
				DC4AD6CE1847013200F0365B /* house2.jpeg in Resources */,
				DC4AD6CF1847013200F0365B /* house3.jpeg in Resources */,
				DC8FC9661846DCDA00B764A6 /* InfoPlist.strings in Resources */,
				DC4AD69C1846F6FA00F0365B /* group@2x.png in Resources */,
				DC4AD6BB1846F92300F0365B /* calendar@2x.png in Resources */,
				DC8FC96F1846DCDA00B764A6 /* Main.storyboard in Resources */,
			);
			runOnlyForDeploymentPostprocessing = 0;
		};
		DC8FC97A1846DCDB00B764A6 /* Resources */ = {
			isa = PBXResourcesBuildPhase;
			buildActionMask = 2147483647;
			files = (
				DC8FC9881846DCDB00B764A6 /* InfoPlist.strings in Resources */,
			);
			runOnlyForDeploymentPostprocessing = 0;
		};
/* End PBXResourcesBuildPhase section */

/* Begin PBXShellScriptBuildPhase section */
		4900CAF01B7E40619846D876 /* Copy Pods Resources */ = {
			isa = PBXShellScriptBuildPhase;
			buildActionMask = 2147483647;
			files = (
			);
			inputPaths = (
			);
			name = "Copy Pods Resources";
			outputPaths = (
			);
			runOnlyForDeploymentPostprocessing = 0;
			shellPath = /bin/sh;
			shellScript = "\"${SRCROOT}/Pods/Pods-resources.sh\"\n";
			showEnvVarsInLog = 0;
		};
		99ECAC83A39E4992AD03941A /* Check Pods Manifest.lock */ = {
			isa = PBXShellScriptBuildPhase;
			buildActionMask = 2147483647;
			files = (
			);
			inputPaths = (
			);
			name = "Check Pods Manifest.lock";
			outputPaths = (
			);
			runOnlyForDeploymentPostprocessing = 0;
			shellPath = /bin/sh;
			shellScript = "diff \"${PODS_ROOT}/../Podfile.lock\" \"${PODS_ROOT}/Manifest.lock\" > /dev/null\nif [[ $? != 0 ]] ; then\n    cat << EOM\nerror: The sandbox is not in sync with the Podfile.lock. Run 'pod install' or update your CocoaPods installation.\nEOM\n    exit 1\nfi\n";
			showEnvVarsInLog = 0;
		};
		DC4AD6B51846F83300F0365B /* ShellScript */ = {
			isa = PBXShellScriptBuildPhase;
			buildActionMask = 2147483647;
			files = (
			);
			inputPaths = (
			);
			outputPaths = (
			);
			runOnlyForDeploymentPostprocessing = 0;
			shellPath = /bin/sh;
			shellScript = "#!/bin/bash\n# Downsamples all retina ...@2x.png images.\n\necho \"Downsampling retina images...\"\n\ndir=$(pwd)\nfind \"$dir\" -name \"*@2x.png\" | while read image; do\n\noutfile=$(dirname \"$image\")/$(basename \"$image\" @2x.png).png\n\nif [ \"$image\" -nt \"$outfile\" ]; then\nbasename \"$outfile\"\n\nwidth=$(sips -g \"pixelWidth\" \"$image\" | awk 'FNR>1 {print $2}')\nheight=$(sips -g \"pixelHeight\" \"$image\" | awk 'FNR>1 {print $2}')\nsips -z $(($height / 2)) $(($width / 2)) \"$image\" --out \"$outfile\"\n\ntest \"$outfile\" -nt \"$image\" || exit 1\nfi\ndone";
		};
/* End PBXShellScriptBuildPhase section */

/* Begin PBXSourcesBuildPhase section */
		DC8FC9541846DCDA00B764A6 /* Sources */ = {
			isa = PBXSourcesBuildPhase;
			buildActionMask = 2147483647;
			files = (
				DC4AD6C11846FDFA00F0365B /* UIViewController+QMBParallaxScrollViewController.m in Sources */,
				DCCE6DF7184715970086F4DE /* EventsViewController.m in Sources */,
				DC8FC99F1846E11A00B764A6 /* NYEClient.m in Sources */,
				DC4AD6C01846FDFA00F0365B /* QMBParallaxScrollViewController.m in Sources */,
				DC8FC9751846DCDA00B764A6 /* BrothersViewController.m in Sources */,
				DC8FC96C1846DCDA00B764A6 /* AppDelegate.m in Sources */,
				DC4AD6C9184700DC00F0365B /* ImageGalleryViewController.m in Sources */,
				DC8FC9721846DCDA00B764A6 /* HouseViewController.m in Sources */,
				DC4AD6981846F35700F0365B /* BrotherCell.m in Sources */,
				DCCE6DF4184715190086F4DE /* CKCalendarView.m in Sources */,
				DC8FC9681846DCDA00B764A6 /* main.m in Sources */,
				DC4AD6D21847028A00F0365B /* HouseInformationTableViewController.m in Sources */,
			);
			runOnlyForDeploymentPostprocessing = 0;
		};
		DC8FC9781846DCDB00B764A6 /* Sources */ = {
			isa = PBXSourcesBuildPhase;
			buildActionMask = 2147483647;
			files = (
				DC8FC98A1846DCDB00B764A6 /* NYEpsilonTests.m in Sources */,
			);
			runOnlyForDeploymentPostprocessing = 0;
		};
/* End PBXSourcesBuildPhase section */

/* Begin PBXTargetDependency section */
		DC4AD6B71846F84E00F0365B /* PBXTargetDependency */ = {
			isa = PBXTargetDependency;
			target = DC4AD6A01846F74A00F0365B /* Downsample Images */;
			targetProxy = DC4AD6B61846F84E00F0365B /* PBXContainerItemProxy */;
		};
		DC8FC9821846DCDB00B764A6 /* PBXTargetDependency */ = {
			isa = PBXTargetDependency;
			target = DC8FC9571846DCDA00B764A6 /* NYEpsilon */;
			targetProxy = DC8FC9811846DCDB00B764A6 /* PBXContainerItemProxy */;
		};
/* End PBXTargetDependency section */

/* Begin PBXVariantGroup section */
		DC8FC9641846DCDA00B764A6 /* InfoPlist.strings */ = {
			isa = PBXVariantGroup;
			children = (
				DC8FC9651846DCDA00B764A6 /* en */,
			);
			name = InfoPlist.strings;
			sourceTree = "<group>";
		};
		DC8FC96D1846DCDA00B764A6 /* Main.storyboard */ = {
			isa = PBXVariantGroup;
			children = (
				DC8FC96E1846DCDA00B764A6 /* Base */,
			);
			name = Main.storyboard;
			sourceTree = "<group>";
		};
		DC8FC9861846DCDB00B764A6 /* InfoPlist.strings */ = {
			isa = PBXVariantGroup;
			children = (
				DC8FC9871846DCDB00B764A6 /* en */,
			);
			name = InfoPlist.strings;
			sourceTree = "<group>";
		};
/* End PBXVariantGroup section */

/* Begin XCBuildConfiguration section */
		DC4AD6A21846F74A00F0365B /* Debug */ = {
			isa = XCBuildConfiguration;
			buildSettings = {
				PRODUCT_NAME = "$(TARGET_NAME)";
			};
			name = Debug;
		};
		DC4AD6A31846F74A00F0365B /* Release */ = {
			isa = XCBuildConfiguration;
			buildSettings = {
				PRODUCT_NAME = "$(TARGET_NAME)";
			};
			name = Release;
		};
		DC8FC98B1846DCDB00B764A6 /* Debug */ = {
			isa = XCBuildConfiguration;
			buildSettings = {
				ALWAYS_SEARCH_USER_PATHS = NO;
				ARCHS = "$(ARCHS_STANDARD_INCLUDING_64_BIT)";
				CLANG_CXX_LANGUAGE_STANDARD = "gnu++0x";
				CLANG_CXX_LIBRARY = "libc++";
				CLANG_ENABLE_MODULES = YES;
				CLANG_ENABLE_OBJC_ARC = YES;
				CLANG_WARN_BOOL_CONVERSION = YES;
				CLANG_WARN_CONSTANT_CONVERSION = YES;
				CLANG_WARN_DIRECT_OBJC_ISA_USAGE = YES_ERROR;
				CLANG_WARN_EMPTY_BODY = YES;
				CLANG_WARN_ENUM_CONVERSION = YES;
				CLANG_WARN_INT_CONVERSION = YES;
				CLANG_WARN_OBJC_ROOT_CLASS = YES_ERROR;
				CLANG_WARN__DUPLICATE_METHOD_MATCH = YES;
				"CODE_SIGN_IDENTITY[sdk=iphoneos*]" = "iPhone Developer";
				COPY_PHASE_STRIP = NO;
				GCC_C_LANGUAGE_STANDARD = gnu99;
				GCC_DYNAMIC_NO_PIC = NO;
				GCC_OPTIMIZATION_LEVEL = 0;
				GCC_PREPROCESSOR_DEFINITIONS = (
					"DEBUG=1",
					"$(inherited)",
				);
				GCC_SYMBOLS_PRIVATE_EXTERN = NO;
				GCC_WARN_64_TO_32_BIT_CONVERSION = YES;
				GCC_WARN_ABOUT_RETURN_TYPE = YES_ERROR;
				GCC_WARN_UNDECLARED_SELECTOR = YES;
				GCC_WARN_UNINITIALIZED_AUTOS = YES;
				GCC_WARN_UNUSED_FUNCTION = YES;
				GCC_WARN_UNUSED_VARIABLE = YES;
				IPHONEOS_DEPLOYMENT_TARGET = 7.0;
				ONLY_ACTIVE_ARCH = YES;
				SDKROOT = iphoneos;
			};
			name = Debug;
		};
		DC8FC98C1846DCDB00B764A6 /* Release */ = {
			isa = XCBuildConfiguration;
			buildSettings = {
				ALWAYS_SEARCH_USER_PATHS = NO;
				ARCHS = "$(ARCHS_STANDARD_INCLUDING_64_BIT)";
				CLANG_CXX_LANGUAGE_STANDARD = "gnu++0x";
				CLANG_CXX_LIBRARY = "libc++";
				CLANG_ENABLE_MODULES = YES;
				CLANG_ENABLE_OBJC_ARC = YES;
				CLANG_WARN_BOOL_CONVERSION = YES;
				CLANG_WARN_CONSTANT_CONVERSION = YES;
				CLANG_WARN_DIRECT_OBJC_ISA_USAGE = YES_ERROR;
				CLANG_WARN_EMPTY_BODY = YES;
				CLANG_WARN_ENUM_CONVERSION = YES;
				CLANG_WARN_INT_CONVERSION = YES;
				CLANG_WARN_OBJC_ROOT_CLASS = YES_ERROR;
				CLANG_WARN__DUPLICATE_METHOD_MATCH = YES;
				"CODE_SIGN_IDENTITY[sdk=iphoneos*]" = "iPhone Developer";
				COPY_PHASE_STRIP = YES;
				ENABLE_NS_ASSERTIONS = NO;
				GCC_C_LANGUAGE_STANDARD = gnu99;
				GCC_WARN_64_TO_32_BIT_CONVERSION = YES;
				GCC_WARN_ABOUT_RETURN_TYPE = YES_ERROR;
				GCC_WARN_UNDECLARED_SELECTOR = YES;
				GCC_WARN_UNINITIALIZED_AUTOS = YES;
				GCC_WARN_UNUSED_FUNCTION = YES;
				GCC_WARN_UNUSED_VARIABLE = YES;
				IPHONEOS_DEPLOYMENT_TARGET = 7.0;
				SDKROOT = iphoneos;
				VALIDATE_PRODUCT = YES;
			};
			name = Release;
		};
		DC8FC98E1846DCDB00B764A6 /* Debug */ = {
			isa = XCBuildConfiguration;
			baseConfigurationReference = E3D9D6648FD0496DB6475732 /* Pods/Pods.xcconfig */;
			buildSettings = {
				ASSETCATALOG_COMPILER_APPICON_NAME = AppIcon;
				ASSETCATALOG_COMPILER_LAUNCHIMAGE_NAME = LaunchImage;
				GCC_PRECOMPILE_PREFIX_HEADER = YES;
				GCC_PREFIX_HEADER = "NYEpsilon/NYEpsilon-Prefix.pch";
				INFOPLIST_FILE = "NYEpsilon/NYEpsilon-Info.plist";
				PRODUCT_NAME = "$(TARGET_NAME)";
				WRAPPER_EXTENSION = app;
			};
			name = Debug;
		};
		DC8FC98F1846DCDB00B764A6 /* Release */ = {
			isa = XCBuildConfiguration;
			baseConfigurationReference = E3D9D6648FD0496DB6475732 /* Pods/Pods.xcconfig */;
			buildSettings = {
				ASSETCATALOG_COMPILER_APPICON_NAME = AppIcon;
				ASSETCATALOG_COMPILER_LAUNCHIMAGE_NAME = LaunchImage;
				GCC_PRECOMPILE_PREFIX_HEADER = YES;
				GCC_PREFIX_HEADER = "NYEpsilon/NYEpsilon-Prefix.pch";
				INFOPLIST_FILE = "NYEpsilon/NYEpsilon-Info.plist";
				PRODUCT_NAME = "$(TARGET_NAME)";
				WRAPPER_EXTENSION = app;
			};
			name = Release;
		};
		DC8FC9911846DCDB00B764A6 /* Debug */ = {
			isa = XCBuildConfiguration;
			buildSettings = {
				ARCHS = "$(ARCHS_STANDARD_INCLUDING_64_BIT)";
				BUNDLE_LOADER = "$(BUILT_PRODUCTS_DIR)/NYEpsilon.app/NYEpsilon";
				FRAMEWORK_SEARCH_PATHS = (
					"$(SDKROOT)/Developer/Library/Frameworks",
					"$(inherited)",
					"$(DEVELOPER_FRAMEWORKS_DIR)",
				);
				GCC_PRECOMPILE_PREFIX_HEADER = YES;
				GCC_PREFIX_HEADER = "NYEpsilon/NYEpsilon-Prefix.pch";
				GCC_PREPROCESSOR_DEFINITIONS = (
					"DEBUG=1",
					"$(inherited)",
				);
				INFOPLIST_FILE = "NYEpsilonTests/NYEpsilonTests-Info.plist";
				PRODUCT_NAME = "$(TARGET_NAME)";
				TEST_HOST = "$(BUNDLE_LOADER)";
				WRAPPER_EXTENSION = xctest;
			};
			name = Debug;
		};
		DC8FC9921846DCDB00B764A6 /* Release */ = {
			isa = XCBuildConfiguration;
			buildSettings = {
				ARCHS = "$(ARCHS_STANDARD_INCLUDING_64_BIT)";
				BUNDLE_LOADER = "$(BUILT_PRODUCTS_DIR)/NYEpsilon.app/NYEpsilon";
				FRAMEWORK_SEARCH_PATHS = (
					"$(SDKROOT)/Developer/Library/Frameworks",
					"$(inherited)",
					"$(DEVELOPER_FRAMEWORKS_DIR)",
				);
				GCC_PRECOMPILE_PREFIX_HEADER = YES;
				GCC_PREFIX_HEADER = "NYEpsilon/NYEpsilon-Prefix.pch";
				INFOPLIST_FILE = "NYEpsilonTests/NYEpsilonTests-Info.plist";
				PRODUCT_NAME = "$(TARGET_NAME)";
				TEST_HOST = "$(BUNDLE_LOADER)";
				WRAPPER_EXTENSION = xctest;
			};
			name = Release;
		};
/* End XCBuildConfiguration section */

/* Begin XCConfigurationList section */
		DC4AD6A11846F74A00F0365B /* Build configuration list for PBXAggregateTarget "Downsample Images" */ = {
			isa = XCConfigurationList;
			buildConfigurations = (
				DC4AD6A21846F74A00F0365B /* Debug */,
				DC4AD6A31846F74A00F0365B /* Release */,
			);
			defaultConfigurationIsVisible = 0;
			defaultConfigurationName = Release;
		};
		DC8FC9531846DCDA00B764A6 /* Build configuration list for PBXProject "NYEpsilon" */ = {
			isa = XCConfigurationList;
			buildConfigurations = (
				DC8FC98B1846DCDB00B764A6 /* Debug */,
				DC8FC98C1846DCDB00B764A6 /* Release */,
			);
			defaultConfigurationIsVisible = 0;
			defaultConfigurationName = Release;
		};
		DC8FC98D1846DCDB00B764A6 /* Build configuration list for PBXNativeTarget "NYEpsilon" */ = {
			isa = XCConfigurationList;
			buildConfigurations = (
				DC8FC98E1846DCDB00B764A6 /* Debug */,
				DC8FC98F1846DCDB00B764A6 /* Release */,
			);
			defaultConfigurationIsVisible = 0;
			defaultConfigurationName = Release;
		};
		DC8FC9901846DCDB00B764A6 /* Build configuration list for PBXNativeTarget "NYEpsilonTests" */ = {
			isa = XCConfigurationList;
			buildConfigurations = (
				DC8FC9911846DCDB00B764A6 /* Debug */,
				DC8FC9921846DCDB00B764A6 /* Release */,
			);
			defaultConfigurationIsVisible = 0;
			defaultConfigurationName = Release;
		};
/* End XCConfigurationList section */
	};
	rootObject = DC8FC9501846DCDA00B764A6 /* Project object */;
}
