// !$*UTF8*$!
{
	archiveVersion = 1;
	classes = {
	};
	objectVersion = 46;
	objects = {

/* Begin PBXAggregateTarget section */
		DC4AD6A01846F74A00F0365B /* Downsample Images */ = {
			isa = PBXAggregateTarget;
			buildConfigurationList = DC4AD6A11846F74A00F0365B /* Build configuration list for PBXAggregateTarget "Downsample Images" */;
			buildPhases = (
				DC4AD6B51846F83300F0365B /* ShellScript */,
			);
			dependencies = (
			);
			name = "Downsample Images";
			productName = "Downsample Images";
		};
/* End PBXAggregateTarget section */

/* Begin PBXBuildFile section */
		50DFE3D3409C427094ED9EBE /* libPods.a in Frameworks */ = {isa = PBXBuildFile; fileRef = F08D68B12A364CA3BF17CAA4 /* libPods.a */; };
		DC032A0118EE730B007D7002 /* walking@2x.png in Resources */ = {isa = PBXBuildFile; fileRef = DC0329FF18EE730B007D7002 /* walking@2x.png */; };
		DC032A0218EE730B007D7002 /* bus@2x.png in Resources */ = {isa = PBXBuildFile; fileRef = DC032A0018EE730B007D7002 /* bus@2x.png */; };
		DC032A0518EE85E8007D7002 /* TransitDetailCell.m in Sources */ = {isa = PBXBuildFile; fileRef = DC032A0418EE85E8007D7002 /* TransitDetailCell.m */; };
		DC032A0818EE8600007D7002 /* WalkingDetailCell.m in Sources */ = {isa = PBXBuildFile; fileRef = DC032A0718EE8600007D7002 /* WalkingDetailCell.m */; };
		DC032A0B18EEED63007D7002 /* NSString+HTML.m in Sources */ = {isa = PBXBuildFile; fileRef = DC032A0A18EEED63007D7002 /* NSString+HTML.m */; };
		DC032A0E18EEEDF0007D7002 /* GTMNString+HTML.m in Sources */ = {isa = PBXBuildFile; fileRef = DC032A0D18EEEDF0007D7002 /* GTMNString+HTML.m */; };
		DC4AD6981846F35700F0365B /* BrotherCell.m in Sources */ = {isa = PBXBuildFile; fileRef = DC4AD6971846F35700F0365B /* BrotherCell.m */; };
		DC4AD6C9184700DC00F0365B /* ImageGalleryViewController.m in Sources */ = {isa = PBXBuildFile; fileRef = DC4AD6C8184700DC00F0365B /* ImageGalleryViewController.m */; };
		DC4AD6CD1847013200F0365B /* house.jpeg in Resources */ = {isa = PBXBuildFile; fileRef = DC4AD6CA1847013200F0365B /* house.jpeg */; };
		DC4AD6CE1847013200F0365B /* house2.jpeg in Resources */ = {isa = PBXBuildFile; fileRef = DC4AD6CB1847013200F0365B /* house2.jpeg */; };
		DC4AD6CF1847013200F0365B /* house3.jpeg in Resources */ = {isa = PBXBuildFile; fileRef = DC4AD6CC1847013200F0365B /* house3.jpeg */; };
		DC4AD6D21847028A00F0365B /* HouseInformationTableViewController.m in Sources */ = {isa = PBXBuildFile; fileRef = DC4AD6D11847028A00F0365B /* HouseInformationTableViewController.m */; };
		DC716FD41868347C00E6802B /* house4.jpg in Resources */ = {isa = PBXBuildFile; fileRef = DC716FD31868347C00E6802B /* house4.jpg */; };
		DC8FC95C1846DCDA00B764A6 /* Foundation.framework in Frameworks */ = {isa = PBXBuildFile; fileRef = DC8FC95B1846DCDA00B764A6 /* Foundation.framework */; };
		DC8FC95E1846DCDA00B764A6 /* CoreGraphics.framework in Frameworks */ = {isa = PBXBuildFile; fileRef = DC8FC95D1846DCDA00B764A6 /* CoreGraphics.framework */; };
		DC8FC9601846DCDA00B764A6 /* UIKit.framework in Frameworks */ = {isa = PBXBuildFile; fileRef = DC8FC95F1846DCDA00B764A6 /* UIKit.framework */; };
		DC8FC9661846DCDA00B764A6 /* InfoPlist.strings in Resources */ = {isa = PBXBuildFile; fileRef = DC8FC9641846DCDA00B764A6 /* InfoPlist.strings */; };
		DC8FC9681846DCDA00B764A6 /* main.m in Sources */ = {isa = PBXBuildFile; fileRef = DC8FC9671846DCDA00B764A6 /* main.m */; };
		DC8FC96C1846DCDA00B764A6 /* AppDelegate.m in Sources */ = {isa = PBXBuildFile; fileRef = DC8FC96B1846DCDA00B764A6 /* AppDelegate.m */; };
		DC8FC96F1846DCDA00B764A6 /* Main.storyboard in Resources */ = {isa = PBXBuildFile; fileRef = DC8FC96D1846DCDA00B764A6 /* Main.storyboard */; };
		DC8FC9721846DCDA00B764A6 /* HouseViewController.m in Sources */ = {isa = PBXBuildFile; fileRef = DC8FC9711846DCDA00B764A6 /* HouseViewController.m */; };
		DC8FC9751846DCDA00B764A6 /* BrothersViewController.m in Sources */ = {isa = PBXBuildFile; fileRef = DC8FC9741846DCDA00B764A6 /* BrothersViewController.m */; };
		DC8FC9771846DCDA00B764A6 /* Images.xcassets in Resources */ = {isa = PBXBuildFile; fileRef = DC8FC9761846DCDA00B764A6 /* Images.xcassets */; };
		DC8FC97E1846DCDB00B764A6 /* XCTest.framework in Frameworks */ = {isa = PBXBuildFile; fileRef = DC8FC97D1846DCDB00B764A6 /* XCTest.framework */; };
		DC8FC97F1846DCDB00B764A6 /* Foundation.framework in Frameworks */ = {isa = PBXBuildFile; fileRef = DC8FC95B1846DCDA00B764A6 /* Foundation.framework */; };
		DC8FC9801846DCDB00B764A6 /* UIKit.framework in Frameworks */ = {isa = PBXBuildFile; fileRef = DC8FC95F1846DCDA00B764A6 /* UIKit.framework */; };
		DC8FC9881846DCDB00B764A6 /* InfoPlist.strings in Resources */ = {isa = PBXBuildFile; fileRef = DC8FC9861846DCDB00B764A6 /* InfoPlist.strings */; };
		DC8FC98A1846DCDB00B764A6 /* NYEpsilonTests.m in Sources */ = {isa = PBXBuildFile; fileRef = DC8FC9891846DCDB00B764A6 /* NYEpsilonTests.m */; };
		DC8FC99F1846E11A00B764A6 /* NYEClient.m in Sources */ = {isa = PBXBuildFile; fileRef = DC8FC99E1846E11A00B764A6 /* NYEClient.m */; };
		DC941C9818E5B48F008DBF74 /* CoreData.framework in Frameworks */ = {isa = PBXBuildFile; fileRef = DC941C9718E5B48F008DBF74 /* CoreData.framework */; };
		DC941C9B18E5B4CA008DBF74 /* NYEpsilon.xcdatamodeld in Sources */ = {isa = PBXBuildFile; fileRef = DC941C9918E5B4CA008DBF74 /* NYEpsilon.xcdatamodeld */; };
		DC941CA118E5BE00008DBF74 /* Brother.m in Sources */ = {isa = PBXBuildFile; fileRef = DC941CA018E5BE00008DBF74 /* Brother.m */; };
		DCC654FE18ECE5D500BE8C29 /* EventDetailTableViewCell.m in Sources */ = {isa = PBXBuildFile; fileRef = DCC654FD18ECE5D500BE8C29 /* EventDetailTableViewCell.m */; };
		DCC6550118ECEB4A00BE8C29 /* event_duration@2x.png in Resources */ = {isa = PBXBuildFile; fileRef = DCC654FF18ECEB4A00BE8C29 /* event_duration@2x.png */; };
		DCC6550218ECEB4A00BE8C29 /* event_location@2x.png in Resources */ = {isa = PBXBuildFile; fileRef = DCC6550018ECEB4A00BE8C29 /* event_location@2x.png */; };
		DCCE6DF4184715190086F4DE /* CKCalendarView.m in Sources */ = {isa = PBXBuildFile; fileRef = DCCE6DF3184715190086F4DE /* CKCalendarView.m */; };
		DCCE6DF7184715970086F4DE /* EventsViewController.m in Sources */ = {isa = PBXBuildFile; fileRef = DCCE6DF6184715970086F4DE /* EventsViewController.m */; };
		DCDE8F5418ED0B69001AAB4B /* TransportationRideCell.m in Sources */ = {isa = PBXBuildFile; fileRef = DCDE8F5318ED0B69001AAB4B /* TransportationRideCell.m */; };
		DCDE8F5718ED11F9001AAB4B /* UIImage+Tint.m in Sources */ = {isa = PBXBuildFile; fileRef = DCDE8F5618ED11F9001AAB4B /* UIImage+Tint.m */; };
		DCDE8F5918ED16BD001AAB4B /* arrow_left@2x.png in Resources */ = {isa = PBXBuildFile; fileRef = DCDE8F5818ED16BD001AAB4B /* arrow_left@2x.png */; };
		DCDE8F5B18ED1AEF001AAB4B /* pop.mp3 in Resources */ = {isa = PBXBuildFile; fileRef = DCDE8F5A18ED1AEF001AAB4B /* pop.mp3 */; };
		DCDE8F5E18ED1DAB001AAB4B /* NYETransportationClient.m in Sources */ = {isa = PBXBuildFile; fileRef = DCDE8F5D18ED1DAB001AAB4B /* NYETransportationClient.m */; };
		DCDE8F6118ED2AA8001AAB4B /* TransportationPublicCell.m in Sources */ = {isa = PBXBuildFile; fileRef = DCDE8F6018ED2AA8001AAB4B /* TransportationPublicCell.m */; };
		DCDE8F6718EDD111001AAB4B /* TravelRoute.m in Sources */ = {isa = PBXBuildFile; fileRef = DCDE8F6618EDD111001AAB4B /* TravelRoute.m */; };
		DCDE8F6A18EDD11D001AAB4B /* RouteStep.m in Sources */ = {isa = PBXBuildFile; fileRef = DCDE8F6918EDD11D001AAB4B /* RouteStep.m */; };
		DCDE8F6D18EDD128001AAB4B /* TransitStep.m in Sources */ = {isa = PBXBuildFile; fileRef = DCDE8F6C18EDD128001AAB4B /* TransitStep.m */; };
		DCDE8F7018EDD12E001AAB4B /* WalkingStep.m in Sources */ = {isa = PBXBuildFile; fileRef = DCDE8F6F18EDD12E001AAB4B /* WalkingStep.m */; };
		DCF3C25A18E62F0800819372 /* phone@2x.png in Resources */ = {isa = PBXBuildFile; fileRef = DCF3C25918E62F0800819372 /* phone@2x.png */; };
		DCFC90C018650C1E0027F401 /* TransportationViewController.m in Sources */ = {isa = PBXBuildFile; fileRef = DCFC90BF18650C1E0027F401 /* TransportationViewController.m */; };
		DCFC90C6186518F10027F401 /* TransportationRouteViewController.m in Sources */ = {isa = PBXBuildFile; fileRef = DCFC90C5186518F10027F401 /* TransportationRouteViewController.m */; };
		DCFC90CD18652A4E0027F401 /* NSString+stripHTML.m in Sources */ = {isa = PBXBuildFile; fileRef = DCFC90CC18652A4E0027F401 /* NSString+stripHTML.m */; };
		DCFC90D5186570B10027F401 /* MainTabBarViewController.m in Sources */ = {isa = PBXBuildFile; fileRef = DCFC90D4186570B10027F401 /* MainTabBarViewController.m */; };
		DCFC90E4186573620027F401 /* calendar-empty@2x.png in Resources */ = {isa = PBXBuildFile; fileRef = DCFC90D8186573620027F401 /* calendar-empty@2x.png */; };
		DCFC90E5186573620027F401 /* ellipsis-horizontal@2x.png in Resources */ = {isa = PBXBuildFile; fileRef = DCFC90D9186573620027F401 /* ellipsis-horizontal@2x.png */; };
		DCFC90E8186573620027F401 /* group@2x.png in Resources */ = {isa = PBXBuildFile; fileRef = DCFC90DC186573620027F401 /* group@2x.png */; };
		DCFC90E9186573620027F401 /* home@2x.png in Resources */ = {isa = PBXBuildFile; fileRef = DCFC90DD186573620027F401 /* home@2x.png */; };
		DCFC90EA186573620027F401 /* map-marker@2x.png in Resources */ = {isa = PBXBuildFile; fileRef = DCFC90DE186573620027F401 /* map-marker@2x.png */; };
		DCFC90EB186573620027F401 /* reorder@2x.png in Resources */ = {isa = PBXBuildFile; fileRef = DCFC90DF186573620027F401 /* reorder@2x.png */; };
		DCFC90ED186573620027F401 /* warning-outline@2x.png in Resources */ = {isa = PBXBuildFile; fileRef = DCFC90E1186573620027F401 /* warning-outline@2x.png */; };
		DCFC90FC1865736A0027F401 /* calendar-empty_sel@2x.png in Resources */ = {isa = PBXBuildFile; fileRef = DCFC90F01865736A0027F401 /* calendar-empty_sel@2x.png */; };
		DCFC91001865736A0027F401 /* group_sel@2x.png in Resources */ = {isa = PBXBuildFile; fileRef = DCFC90F41865736A0027F401 /* group_sel@2x.png */; };
		DCFC91011865736A0027F401 /* home_sel@2x.png in Resources */ = {isa = PBXBuildFile; fileRef = DCFC90F51865736A0027F401 /* home_sel@2x.png */; };
		DCFC91021865736A0027F401 /* map-marker_sel@2x.png in Resources */ = {isa = PBXBuildFile; fileRef = DCFC90F61865736A0027F401 /* map-marker_sel@2x.png */; };
		DCFC91031865736A0027F401 /* reorder_sel@2x.png in Resources */ = {isa = PBXBuildFile; fileRef = DCFC90F71865736A0027F401 /* reorder_sel@2x.png */; };
		DCFC91041865736A0027F401 /* twitter_sel@2x.png in Resources */ = {isa = PBXBuildFile; fileRef = DCFC90F81865736A0027F401 /* twitter_sel@2x.png */; };
		DCFC91051865736A0027F401 /* warning-outline_sel@2x.png in Resources */ = {isa = PBXBuildFile; fileRef = DCFC90F91865736A0027F401 /* warning-outline_sel@2x.png */; };
		DCFC910A186577560027F401 /* MenuViewController.m in Sources */ = {isa = PBXBuildFile; fileRef = DCFC9109186577560027F401 /* MenuViewController.m */; };
		DCFC910F186579460027F401 /* facebook@2x.png in Resources */ = {isa = PBXBuildFile; fileRef = DCFC910B186579460027F401 /* facebook@2x.png */; };
		DCFC9110186579460027F401 /* globe@2x.png in Resources */ = {isa = PBXBuildFile; fileRef = DCFC910C186579460027F401 /* globe@2x.png */; };
		DCFC9111186579460027F401 /* music@2x.png in Resources */ = {isa = PBXBuildFile; fileRef = DCFC910D186579460027F401 /* music@2x.png */; };
		DCFC9112186579460027F401 /* twitter@2x.png in Resources */ = {isa = PBXBuildFile; fileRef = DCFC910E186579460027F401 /* twitter@2x.png */; };
/* End PBXBuildFile section */

/* Begin PBXContainerItemProxy section */
		DC4AD6B61846F84E00F0365B /* PBXContainerItemProxy */ = {
			isa = PBXContainerItemProxy;
			containerPortal = DC8FC9501846DCDA00B764A6 /* Project object */;
			proxyType = 1;
			remoteGlobalIDString = DC4AD6A01846F74A00F0365B;
			remoteInfo = "Downsample Images";
		};
		DC8FC9811846DCDB00B764A6 /* PBXContainerItemProxy */ = {
			isa = PBXContainerItemProxy;
			containerPortal = DC8FC9501846DCDA00B764A6 /* Project object */;
			proxyType = 1;
			remoteGlobalIDString = DC8FC9571846DCDA00B764A6;
			remoteInfo = NYEpsilon;
		};
/* End PBXContainerItemProxy section */

/* Begin PBXFileReference section */
		DC0329FF18EE730B007D7002 /* walking@2x.png */ = {isa = PBXFileReference; lastKnownFileType = image.png; path = "walking@2x.png"; sourceTree = "<group>"; };
		DC032A0018EE730B007D7002 /* bus@2x.png */ = {isa = PBXFileReference; lastKnownFileType = image.png; path = "bus@2x.png"; sourceTree = "<group>"; };
		DC032A0318EE85E8007D7002 /* TransitDetailCell.h */ = {isa = PBXFileReference; fileEncoding = 4; lastKnownFileType = sourcecode.c.h; path = TransitDetailCell.h; sourceTree = "<group>"; };
		DC032A0418EE85E8007D7002 /* TransitDetailCell.m */ = {isa = PBXFileReference; fileEncoding = 4; lastKnownFileType = sourcecode.c.objc; path = TransitDetailCell.m; sourceTree = "<group>"; };
		DC032A0618EE8600007D7002 /* WalkingDetailCell.h */ = {isa = PBXFileReference; fileEncoding = 4; lastKnownFileType = sourcecode.c.h; path = WalkingDetailCell.h; sourceTree = "<group>"; };
		DC032A0718EE8600007D7002 /* WalkingDetailCell.m */ = {isa = PBXFileReference; fileEncoding = 4; lastKnownFileType = sourcecode.c.objc; path = WalkingDetailCell.m; sourceTree = "<group>"; };
		DC032A0918EEED63007D7002 /* NSString+HTML.h */ = {isa = PBXFileReference; fileEncoding = 4; lastKnownFileType = sourcecode.c.h; path = "NSString+HTML.h"; sourceTree = "<group>"; };
		DC032A0A18EEED63007D7002 /* NSString+HTML.m */ = {isa = PBXFileReference; fileEncoding = 4; lastKnownFileType = sourcecode.c.objc; path = "NSString+HTML.m"; sourceTree = "<group>"; };
		DC032A0C18EEEDF0007D7002 /* GTMNString+HTML.h */ = {isa = PBXFileReference; fileEncoding = 4; lastKnownFileType = sourcecode.c.h; path = "GTMNString+HTML.h"; sourceTree = "<group>"; };
		DC032A0D18EEEDF0007D7002 /* GTMNString+HTML.m */ = {isa = PBXFileReference; fileEncoding = 4; lastKnownFileType = sourcecode.c.objc; path = "GTMNString+HTML.m"; sourceTree = "<group>"; };
		DC4AD6961846F35700F0365B /* BrotherCell.h */ = {isa = PBXFileReference; fileEncoding = 4; lastKnownFileType = sourcecode.c.h; path = BrotherCell.h; sourceTree = "<group>"; };
		DC4AD6971846F35700F0365B /* BrotherCell.m */ = {isa = PBXFileReference; fileEncoding = 4; lastKnownFileType = sourcecode.c.objc; path = BrotherCell.m; sourceTree = "<group>"; };
		DC4AD6C7184700DC00F0365B /* ImageGalleryViewController.h */ = {isa = PBXFileReference; fileEncoding = 4; lastKnownFileType = sourcecode.c.h; path = ImageGalleryViewController.h; sourceTree = "<group>"; };
		DC4AD6C8184700DC00F0365B /* ImageGalleryViewController.m */ = {isa = PBXFileReference; fileEncoding = 4; lastKnownFileType = sourcecode.c.objc; path = ImageGalleryViewController.m; sourceTree = "<group>"; };
		DC4AD6CA1847013200F0365B /* house.jpeg */ = {isa = PBXFileReference; lastKnownFileType = image.jpeg; path = house.jpeg; sourceTree = "<group>"; };
		DC4AD6CB1847013200F0365B /* house2.jpeg */ = {isa = PBXFileReference; lastKnownFileType = image.jpeg; path = house2.jpeg; sourceTree = "<group>"; };
		DC4AD6CC1847013200F0365B /* house3.jpeg */ = {isa = PBXFileReference; lastKnownFileType = image.jpeg; path = house3.jpeg; sourceTree = "<group>"; };
		DC4AD6D01847028A00F0365B /* HouseInformationTableViewController.h */ = {isa = PBXFileReference; fileEncoding = 4; lastKnownFileType = sourcecode.c.h; path = HouseInformationTableViewController.h; sourceTree = "<group>"; };
		DC4AD6D11847028A00F0365B /* HouseInformationTableViewController.m */ = {isa = PBXFileReference; fileEncoding = 4; lastKnownFileType = sourcecode.c.objc; path = HouseInformationTableViewController.m; sourceTree = "<group>"; };
		DC716FD31868347C00E6802B /* house4.jpg */ = {isa = PBXFileReference; lastKnownFileType = image.jpeg; path = house4.jpg; sourceTree = "<group>"; };
		DC8FC9581846DCDA00B764A6 /* NYEpsilon.app */ = {isa = PBXFileReference; explicitFileType = wrapper.application; includeInIndex = 0; path = NYEpsilon.app; sourceTree = BUILT_PRODUCTS_DIR; };
		DC8FC95B1846DCDA00B764A6 /* Foundation.framework */ = {isa = PBXFileReference; lastKnownFileType = wrapper.framework; name = Foundation.framework; path = System/Library/Frameworks/Foundation.framework; sourceTree = SDKROOT; };
		DC8FC95D1846DCDA00B764A6 /* CoreGraphics.framework */ = {isa = PBXFileReference; lastKnownFileType = wrapper.framework; name = CoreGraphics.framework; path = System/Library/Frameworks/CoreGraphics.framework; sourceTree = SDKROOT; };
		DC8FC95F1846DCDA00B764A6 /* UIKit.framework */ = {isa = PBXFileReference; lastKnownFileType = wrapper.framework; name = UIKit.framework; path = System/Library/Frameworks/UIKit.framework; sourceTree = SDKROOT; };
		DC8FC9631846DCDA00B764A6 /* NYEpsilon-Info.plist */ = {isa = PBXFileReference; lastKnownFileType = text.plist.xml; path = "NYEpsilon-Info.plist"; sourceTree = "<group>"; };
		DC8FC9651846DCDA00B764A6 /* en */ = {isa = PBXFileReference; lastKnownFileType = text.plist.strings; name = en; path = en.lproj/InfoPlist.strings; sourceTree = "<group>"; };
		DC8FC9671846DCDA00B764A6 /* main.m */ = {isa = PBXFileReference; lastKnownFileType = sourcecode.c.objc; path = main.m; sourceTree = "<group>"; };
		DC8FC9691846DCDA00B764A6 /* NYEpsilon-Prefix.pch */ = {isa = PBXFileReference; lastKnownFileType = sourcecode.c.h; path = "NYEpsilon-Prefix.pch"; sourceTree = "<group>"; };
		DC8FC96A1846DCDA00B764A6 /* AppDelegate.h */ = {isa = PBXFileReference; lastKnownFileType = sourcecode.c.h; path = AppDelegate.h; sourceTree = "<group>"; };
		DC8FC96B1846DCDA00B764A6 /* AppDelegate.m */ = {isa = PBXFileReference; lastKnownFileType = sourcecode.c.objc; path = AppDelegate.m; sourceTree = "<group>"; };
		DC8FC96E1846DCDA00B764A6 /* Base */ = {isa = PBXFileReference; lastKnownFileType = file.storyboard; name = Base; path = Base.lproj/Main.storyboard; sourceTree = "<group>"; };
		DC8FC9701846DCDA00B764A6 /* HouseViewController.h */ = {isa = PBXFileReference; lastKnownFileType = sourcecode.c.h; path = HouseViewController.h; sourceTree = "<group>"; };
		DC8FC9711846DCDA00B764A6 /* HouseViewController.m */ = {isa = PBXFileReference; lastKnownFileType = sourcecode.c.objc; path = HouseViewController.m; sourceTree = "<group>"; };
		DC8FC9731846DCDA00B764A6 /* BrothersViewController.h */ = {isa = PBXFileReference; lastKnownFileType = sourcecode.c.h; path = BrothersViewController.h; sourceTree = "<group>"; };
		DC8FC9741846DCDA00B764A6 /* BrothersViewController.m */ = {isa = PBXFileReference; lastKnownFileType = sourcecode.c.objc; path = BrothersViewController.m; sourceTree = "<group>"; };
		DC8FC9761846DCDA00B764A6 /* Images.xcassets */ = {isa = PBXFileReference; lastKnownFileType = folder.assetcatalog; path = Images.xcassets; sourceTree = "<group>"; };
		DC8FC97C1846DCDB00B764A6 /* NYEpsilonTests.xctest */ = {isa = PBXFileReference; explicitFileType = wrapper.cfbundle; includeInIndex = 0; path = NYEpsilonTests.xctest; sourceTree = BUILT_PRODUCTS_DIR; };
		DC8FC97D1846DCDB00B764A6 /* XCTest.framework */ = {isa = PBXFileReference; lastKnownFileType = wrapper.framework; name = XCTest.framework; path = Library/Frameworks/XCTest.framework; sourceTree = DEVELOPER_DIR; };
		DC8FC9851846DCDB00B764A6 /* NYEpsilonTests-Info.plist */ = {isa = PBXFileReference; lastKnownFileType = text.plist.xml; path = "NYEpsilonTests-Info.plist"; sourceTree = "<group>"; };
		DC8FC9871846DCDB00B764A6 /* en */ = {isa = PBXFileReference; lastKnownFileType = text.plist.strings; name = en; path = en.lproj/InfoPlist.strings; sourceTree = "<group>"; };
		DC8FC9891846DCDB00B764A6 /* NYEpsilonTests.m */ = {isa = PBXFileReference; lastKnownFileType = sourcecode.c.objc; path = NYEpsilonTests.m; sourceTree = "<group>"; };
		DC8FC99D1846E11A00B764A6 /* NYEClient.h */ = {isa = PBXFileReference; fileEncoding = 4; lastKnownFileType = sourcecode.c.h; path = NYEClient.h; sourceTree = "<group>"; };
		DC8FC99E1846E11A00B764A6 /* NYEClient.m */ = {isa = PBXFileReference; fileEncoding = 4; lastKnownFileType = sourcecode.c.objc; path = NYEClient.m; sourceTree = "<group>"; };
		DC941C9718E5B48F008DBF74 /* CoreData.framework */ = {isa = PBXFileReference; lastKnownFileType = wrapper.framework; name = CoreData.framework; path = System/Library/Frameworks/CoreData.framework; sourceTree = SDKROOT; };
		DC941C9A18E5B4CA008DBF74 /* NYEpsilon.xcdatamodel */ = {isa = PBXFileReference; lastKnownFileType = wrapper.xcdatamodel; path = NYEpsilon.xcdatamodel; sourceTree = "<group>"; };
		DC941C9F18E5BE00008DBF74 /* Brother.h */ = {isa = PBXFileReference; fileEncoding = 4; lastKnownFileType = sourcecode.c.h; name = Brother.h; path = Models/Brother.h; sourceTree = "<group>"; };
		DC941CA018E5BE00008DBF74 /* Brother.m */ = {isa = PBXFileReference; fileEncoding = 4; lastKnownFileType = sourcecode.c.objc; name = Brother.m; path = Models/Brother.m; sourceTree = "<group>"; };
		DCC654FC18ECE5D500BE8C29 /* EventDetailTableViewCell.h */ = {isa = PBXFileReference; fileEncoding = 4; lastKnownFileType = sourcecode.c.h; path = EventDetailTableViewCell.h; sourceTree = "<group>"; };
		DCC654FD18ECE5D500BE8C29 /* EventDetailTableViewCell.m */ = {isa = PBXFileReference; fileEncoding = 4; lastKnownFileType = sourcecode.c.objc; path = EventDetailTableViewCell.m; sourceTree = "<group>"; };
		DCC654FF18ECEB4A00BE8C29 /* event_duration@2x.png */ = {isa = PBXFileReference; lastKnownFileType = image.png; path = "event_duration@2x.png"; sourceTree = "<group>"; };
		DCC6550018ECEB4A00BE8C29 /* event_location@2x.png */ = {isa = PBXFileReference; lastKnownFileType = image.png; path = "event_location@2x.png"; sourceTree = "<group>"; };
		DCCE6DF2184715190086F4DE /* CKCalendarView.h */ = {isa = PBXFileReference; fileEncoding = 4; lastKnownFileType = sourcecode.c.h; path = CKCalendarView.h; sourceTree = "<group>"; };
		DCCE6DF3184715190086F4DE /* CKCalendarView.m */ = {isa = PBXFileReference; fileEncoding = 4; lastKnownFileType = sourcecode.c.objc; path = CKCalendarView.m; sourceTree = "<group>"; };
		DCCE6DF5184715970086F4DE /* EventsViewController.h */ = {isa = PBXFileReference; fileEncoding = 4; lastKnownFileType = sourcecode.c.h; path = EventsViewController.h; sourceTree = "<group>"; };
		DCCE6DF6184715970086F4DE /* EventsViewController.m */ = {isa = PBXFileReference; fileEncoding = 4; lastKnownFileType = sourcecode.c.objc; path = EventsViewController.m; sourceTree = "<group>"; };
		DCDE8F5218ED0B69001AAB4B /* TransportationRideCell.h */ = {isa = PBXFileReference; fileEncoding = 4; lastKnownFileType = sourcecode.c.h; path = TransportationRideCell.h; sourceTree = "<group>"; };
		DCDE8F5318ED0B69001AAB4B /* TransportationRideCell.m */ = {isa = PBXFileReference; fileEncoding = 4; lastKnownFileType = sourcecode.c.objc; path = TransportationRideCell.m; sourceTree = "<group>"; };
		DCDE8F5518ED11F9001AAB4B /* UIImage+Tint.h */ = {isa = PBXFileReference; fileEncoding = 4; lastKnownFileType = sourcecode.c.h; path = "UIImage+Tint.h"; sourceTree = "<group>"; };
		DCDE8F5618ED11F9001AAB4B /* UIImage+Tint.m */ = {isa = PBXFileReference; fileEncoding = 4; lastKnownFileType = sourcecode.c.objc; path = "UIImage+Tint.m"; sourceTree = "<group>"; };
		DCDE8F5818ED16BD001AAB4B /* arrow_left@2x.png */ = {isa = PBXFileReference; lastKnownFileType = image.png; path = "arrow_left@2x.png"; sourceTree = "<group>"; };
		DCDE8F5A18ED1AEF001AAB4B /* pop.mp3 */ = {isa = PBXFileReference; lastKnownFileType = audio.mp3; path = pop.mp3; sourceTree = "<group>"; };
		DCDE8F5C18ED1DAB001AAB4B /* NYETransportationClient.h */ = {isa = PBXFileReference; fileEncoding = 4; lastKnownFileType = sourcecode.c.h; path = NYETransportationClient.h; sourceTree = "<group>"; };
		DCDE8F5D18ED1DAB001AAB4B /* NYETransportationClient.m */ = {isa = PBXFileReference; fileEncoding = 4; lastKnownFileType = sourcecode.c.objc; path = NYETransportationClient.m; sourceTree = "<group>"; };
		DCDE8F5F18ED2AA8001AAB4B /* TransportationPublicCell.h */ = {isa = PBXFileReference; fileEncoding = 4; lastKnownFileType = sourcecode.c.h; path = TransportationPublicCell.h; sourceTree = "<group>"; };
		DCDE8F6018ED2AA8001AAB4B /* TransportationPublicCell.m */ = {isa = PBXFileReference; fileEncoding = 4; lastKnownFileType = sourcecode.c.objc; path = TransportationPublicCell.m; sourceTree = "<group>"; };
		DCDE8F6518EDD111001AAB4B /* TravelRoute.h */ = {isa = PBXFileReference; fileEncoding = 4; lastKnownFileType = sourcecode.c.h; path = TravelRoute.h; sourceTree = "<group>"; };
		DCDE8F6618EDD111001AAB4B /* TravelRoute.m */ = {isa = PBXFileReference; fileEncoding = 4; lastKnownFileType = sourcecode.c.objc; path = TravelRoute.m; sourceTree = "<group>"; };
		DCDE8F6818EDD11D001AAB4B /* RouteStep.h */ = {isa = PBXFileReference; fileEncoding = 4; lastKnownFileType = sourcecode.c.h; path = RouteStep.h; sourceTree = "<group>"; };
		DCDE8F6918EDD11D001AAB4B /* RouteStep.m */ = {isa = PBXFileReference; fileEncoding = 4; lastKnownFileType = sourcecode.c.objc; path = RouteStep.m; sourceTree = "<group>"; };
		DCDE8F6B18EDD128001AAB4B /* TransitStep.h */ = {isa = PBXFileReference; fileEncoding = 4; lastKnownFileType = sourcecode.c.h; path = TransitStep.h; sourceTree = "<group>"; };
		DCDE8F6C18EDD128001AAB4B /* TransitStep.m */ = {isa = PBXFileReference; fileEncoding = 4; lastKnownFileType = sourcecode.c.objc; path = TransitStep.m; sourceTree = "<group>"; };
		DCDE8F6E18EDD12E001AAB4B /* WalkingStep.h */ = {isa = PBXFileReference; fileEncoding = 4; lastKnownFileType = sourcecode.c.h; path = WalkingStep.h; sourceTree = "<group>"; };
		DCDE8F6F18EDD12E001AAB4B /* WalkingStep.m */ = {isa = PBXFileReference; fileEncoding = 4; lastKnownFileType = sourcecode.c.objc; path = WalkingStep.m; sourceTree = "<group>"; };
		DCF3C25918E62F0800819372 /* phone@2x.png */ = {isa = PBXFileReference; lastKnownFileType = image.png; path = "phone@2x.png"; sourceTree = "<group>"; };
		DCFC90BE18650C1E0027F401 /* TransportationViewController.h */ = {isa = PBXFileReference; fileEncoding = 4; lastKnownFileType = sourcecode.c.h; path = TransportationViewController.h; sourceTree = "<group>"; };
		DCFC90BF18650C1E0027F401 /* TransportationViewController.m */ = {isa = PBXFileReference; fileEncoding = 4; lastKnownFileType = sourcecode.c.objc; path = TransportationViewController.m; sourceTree = "<group>"; };
		DCFC90C4186518F10027F401 /* TransportationRouteViewController.h */ = {isa = PBXFileReference; fileEncoding = 4; lastKnownFileType = sourcecode.c.h; path = TransportationRouteViewController.h; sourceTree = "<group>"; };
		DCFC90C5186518F10027F401 /* TransportationRouteViewController.m */ = {isa = PBXFileReference; fileEncoding = 4; lastKnownFileType = sourcecode.c.objc; path = TransportationRouteViewController.m; sourceTree = "<group>"; };
		DCFC90CB18652A4E0027F401 /* NSString+stripHTML.h */ = {isa = PBXFileReference; fileEncoding = 4; lastKnownFileType = sourcecode.c.h; path = "NSString+stripHTML.h"; sourceTree = "<group>"; };
		DCFC90CC18652A4E0027F401 /* NSString+stripHTML.m */ = {isa = PBXFileReference; fileEncoding = 4; lastKnownFileType = sourcecode.c.objc; path = "NSString+stripHTML.m"; sourceTree = "<group>"; };
		DCFC90D3186570B10027F401 /* MainTabBarViewController.h */ = {isa = PBXFileReference; fileEncoding = 4; lastKnownFileType = sourcecode.c.h; path = MainTabBarViewController.h; sourceTree = "<group>"; };
		DCFC90D4186570B10027F401 /* MainTabBarViewController.m */ = {isa = PBXFileReference; fileEncoding = 4; lastKnownFileType = sourcecode.c.objc; path = MainTabBarViewController.m; sourceTree = "<group>"; };
		DCFC90D8186573620027F401 /* calendar-empty@2x.png */ = {isa = PBXFileReference; lastKnownFileType = image.png; path = "calendar-empty@2x.png"; sourceTree = "<group>"; };
		DCFC90D9186573620027F401 /* ellipsis-horizontal@2x.png */ = {isa = PBXFileReference; lastKnownFileType = image.png; path = "ellipsis-horizontal@2x.png"; sourceTree = "<group>"; };
		DCFC90DA186573620027F401 /* facebook@2x.png */ = {isa = PBXFileReference; lastKnownFileType = image.png; path = "facebook@2x.png"; sourceTree = "<group>"; };
		DCFC90DC186573620027F401 /* group@2x.png */ = {isa = PBXFileReference; lastKnownFileType = image.png; path = "group@2x.png"; sourceTree = "<group>"; };
		DCFC90DD186573620027F401 /* home@2x.png */ = {isa = PBXFileReference; lastKnownFileType = image.png; path = "home@2x.png"; sourceTree = "<group>"; };
		DCFC90DE186573620027F401 /* map-marker@2x.png */ = {isa = PBXFileReference; lastKnownFileType = image.png; path = "map-marker@2x.png"; sourceTree = "<group>"; };
		DCFC90DF186573620027F401 /* reorder@2x.png */ = {isa = PBXFileReference; lastKnownFileType = image.png; path = "reorder@2x.png"; sourceTree = "<group>"; };
		DCFC90E1186573620027F401 /* warning-outline@2x.png */ = {isa = PBXFileReference; lastKnownFileType = image.png; path = "warning-outline@2x.png"; sourceTree = "<group>"; };
		DCFC90F01865736A0027F401 /* calendar-empty_sel@2x.png */ = {isa = PBXFileReference; lastKnownFileType = image.png; path = "calendar-empty_sel@2x.png"; sourceTree = "<group>"; };
		DCFC90F41865736A0027F401 /* group_sel@2x.png */ = {isa = PBXFileReference; lastKnownFileType = image.png; path = "group_sel@2x.png"; sourceTree = "<group>"; };
		DCFC90F51865736A0027F401 /* home_sel@2x.png */ = {isa = PBXFileReference; lastKnownFileType = image.png; path = "home_sel@2x.png"; sourceTree = "<group>"; };
		DCFC90F61865736A0027F401 /* map-marker_sel@2x.png */ = {isa = PBXFileReference; lastKnownFileType = image.png; path = "map-marker_sel@2x.png"; sourceTree = "<group>"; };
		DCFC90F71865736A0027F401 /* reorder_sel@2x.png */ = {isa = PBXFileReference; lastKnownFileType = image.png; path = "reorder_sel@2x.png"; sourceTree = "<group>"; };
		DCFC90F81865736A0027F401 /* twitter_sel@2x.png */ = {isa = PBXFileReference; lastKnownFileType = image.png; path = "twitter_sel@2x.png"; sourceTree = "<group>"; };
		DCFC90F91865736A0027F401 /* warning-outline_sel@2x.png */ = {isa = PBXFileReference; lastKnownFileType = image.png; path = "warning-outline_sel@2x.png"; sourceTree = "<group>"; };
		DCFC9108186577560027F401 /* MenuViewController.h */ = {isa = PBXFileReference; fileEncoding = 4; lastKnownFileType = sourcecode.c.h; path = MenuViewController.h; sourceTree = "<group>"; };
		DCFC9109186577560027F401 /* MenuViewController.m */ = {isa = PBXFileReference; fileEncoding = 4; lastKnownFileType = sourcecode.c.objc; path = MenuViewController.m; sourceTree = "<group>"; };
		DCFC910B186579460027F401 /* facebook@2x.png */ = {isa = PBXFileReference; lastKnownFileType = image.png; path = "facebook@2x.png"; sourceTree = "<group>"; };
		DCFC910C186579460027F401 /* globe@2x.png */ = {isa = PBXFileReference; lastKnownFileType = image.png; path = "globe@2x.png"; sourceTree = "<group>"; };
		DCFC910D186579460027F401 /* music@2x.png */ = {isa = PBXFileReference; lastKnownFileType = image.png; path = "music@2x.png"; sourceTree = "<group>"; };
		DCFC910E186579460027F401 /* twitter@2x.png */ = {isa = PBXFileReference; lastKnownFileType = image.png; path = "twitter@2x.png"; sourceTree = "<group>"; };
		E3D9D6648FD0496DB6475732 /* Pods/Pods.xcconfig */ = {isa = PBXFileReference; includeInIndex = 1; lastKnownFileType = text.xcconfig; path = Pods/Pods.xcconfig; sourceTree = SOURCE_ROOT; };
		F08D68B12A364CA3BF17CAA4 /* libPods.a */ = {isa = PBXFileReference; explicitFileType = archive.ar; includeInIndex = 0; path = libPods.a; sourceTree = BUILT_PRODUCTS_DIR; };
/* End PBXFileReference section */

/* Begin PBXFrameworksBuildPhase section */
		DC8FC9551846DCDA00B764A6 /* Frameworks */ = {
			isa = PBXFrameworksBuildPhase;
			buildActionMask = 2147483647;
			files = (
				DC941C9818E5B48F008DBF74 /* CoreData.framework in Frameworks */,
				DC8FC95E1846DCDA00B764A6 /* CoreGraphics.framework in Frameworks */,
				DC8FC9601846DCDA00B764A6 /* UIKit.framework in Frameworks */,
				DC8FC95C1846DCDA00B764A6 /* Foundation.framework in Frameworks */,
				50DFE3D3409C427094ED9EBE /* libPods.a in Frameworks */,
			);
			runOnlyForDeploymentPostprocessing = 0;
		};
		DC8FC9791846DCDB00B764A6 /* Frameworks */ = {
			isa = PBXFrameworksBuildPhase;
			buildActionMask = 2147483647;
			files = (
				DC8FC97E1846DCDB00B764A6 /* XCTest.framework in Frameworks */,
				DC8FC9801846DCDB00B764A6 /* UIKit.framework in Frameworks */,
				DC8FC97F1846DCDB00B764A6 /* Foundation.framework in Frameworks */,
			);
			runOnlyForDeploymentPostprocessing = 0;
		};
/* End PBXFrameworksBuildPhase section */

/* Begin PBXGroup section */
		DC4AD69F1846F70100F0365B /* Icons */ = {
			isa = PBXGroup;
			children = (
				DC0329FF18EE730B007D7002 /* walking@2x.png */,
				DC032A0018EE730B007D7002 /* bus@2x.png */,
				DCDE8F5818ED16BD001AAB4B /* arrow_left@2x.png */,
				DCC654FF18ECEB4A00BE8C29 /* event_duration@2x.png */,
				DCC6550018ECEB4A00BE8C29 /* event_location@2x.png */,
				DCF3C25918E62F0800819372 /* phone@2x.png */,
				DCFC90F01865736A0027F401 /* calendar-empty_sel@2x.png */,
				DCFC910B186579460027F401 /* facebook@2x.png */,
				DCFC910C186579460027F401 /* globe@2x.png */,
				DCFC910D186579460027F401 /* music@2x.png */,
				DCFC910E186579460027F401 /* twitter@2x.png */,
				DCFC90F41865736A0027F401 /* group_sel@2x.png */,
				DCFC90F51865736A0027F401 /* home_sel@2x.png */,
				DCFC90F61865736A0027F401 /* map-marker_sel@2x.png */,
				DCFC90F71865736A0027F401 /* reorder_sel@2x.png */,
				DCFC90F81865736A0027F401 /* twitter_sel@2x.png */,
				DCFC90F91865736A0027F401 /* warning-outline_sel@2x.png */,
				DCFC90D8186573620027F401 /* calendar-empty@2x.png */,
				DCFC90D9186573620027F401 /* ellipsis-horizontal@2x.png */,
				DCFC90DA186573620027F401 /* facebook@2x.png */,
				DCFC90DC186573620027F401 /* group@2x.png */,
				DCFC90DD186573620027F401 /* home@2x.png */,
				DCFC90DE186573620027F401 /* map-marker@2x.png */,
				DCFC90DF186573620027F401 /* reorder@2x.png */,
				DCFC90E1186573620027F401 /* warning-outline@2x.png */,
			);
			name = Icons;
			sourceTree = "<group>";
		};
		DC4AD6C51847009200F0365B /* Third Party Classes */ = {
			isa = PBXGroup;
			children = (
				DCCE6DF2184715190086F4DE /* CKCalendarView.h */,
				DCFC90CB18652A4E0027F401 /* NSString+stripHTML.h */,
				DCFC90CC18652A4E0027F401 /* NSString+stripHTML.m */,
				DCCE6DF3184715190086F4DE /* CKCalendarView.m */,
				DC032A0918EEED63007D7002 /* NSString+HTML.h */,
				DC032A0A18EEED63007D7002 /* NSString+HTML.m */,
				DC032A0C18EEEDF0007D7002 /* GTMNString+HTML.h */,
				DC032A0D18EEEDF0007D7002 /* GTMNString+HTML.m */,
			);
			name = "Third Party Classes";
			sourceTree = "<group>";
		};
		DC4AD6D31847031D00F0365B /* The House */ = {
			isa = PBXGroup;
			children = (
				DC4AD6C7184700DC00F0365B /* ImageGalleryViewController.h */,
				DC4AD6C8184700DC00F0365B /* ImageGalleryViewController.m */,
				DC4AD6D01847028A00F0365B /* HouseInformationTableViewController.h */,
				DC4AD6D11847028A00F0365B /* HouseInformationTableViewController.m */,
				DC8FC9701846DCDA00B764A6 /* HouseViewController.h */,
				DC8FC9711846DCDA00B764A6 /* HouseViewController.m */,
			);
			name = "The House";
			sourceTree = "<group>";
		};
		DC8FC94F1846DCDA00B764A6 = {
			isa = PBXGroup;
			children = (
				DC8FC9611846DCDA00B764A6 /* NYEpsilon */,
				DC8FC9831846DCDB00B764A6 /* NYEpsilonTests */,
				DC8FC95A1846DCDA00B764A6 /* Frameworks */,
				DC8FC9591846DCDA00B764A6 /* Products */,
				E3D9D6648FD0496DB6475732 /* Pods/Pods.xcconfig */,
			);
			sourceTree = "<group>";
		};
		DC8FC9591846DCDA00B764A6 /* Products */ = {
			isa = PBXGroup;
			children = (
				DC8FC9581846DCDA00B764A6 /* NYEpsilon.app */,
				DC8FC97C1846DCDB00B764A6 /* NYEpsilonTests.xctest */,
			);
			name = Products;
			sourceTree = "<group>";
		};
		DC8FC95A1846DCDA00B764A6 /* Frameworks */ = {
			isa = PBXGroup;
			children = (
				DC941C9718E5B48F008DBF74 /* CoreData.framework */,
				DC8FC95B1846DCDA00B764A6 /* Foundation.framework */,
				DC8FC95D1846DCDA00B764A6 /* CoreGraphics.framework */,
				DC8FC95F1846DCDA00B764A6 /* UIKit.framework */,
				DC8FC97D1846DCDB00B764A6 /* XCTest.framework */,
				F08D68B12A364CA3BF17CAA4 /* libPods.a */,
			);
			name = Frameworks;
			sourceTree = "<group>";
		};
		DC8FC9611846DCDA00B764A6 /* NYEpsilon */ = {
			isa = PBXGroup;
			children = (
				DCDE8F5A18ED1AEF001AAB4B /* pop.mp3 */,
				DCFC90D2186560AE0027F401 /* Transportation */,
				DC4AD6D31847031D00F0365B /* The House */,
				DC4AD6C51847009200F0365B /* Third Party Classes */,
				DC4AD69F1846F70100F0365B /* Icons */,
				DC8FC96D1846DCDA00B764A6 /* Main.storyboard */,
				DCDE8F5518ED11F9001AAB4B /* UIImage+Tint.h */,
				DCDE8F5618ED11F9001AAB4B /* UIImage+Tint.m */,
				DCFC9108186577560027F401 /* MenuViewController.h */,
				DCFC9109186577560027F401 /* MenuViewController.m */,
				DCFC90D3186570B10027F401 /* MainTabBarViewController.h */,
				DCFC90D4186570B10027F401 /* MainTabBarViewController.m */,
				DC8FC96A1846DCDA00B764A6 /* AppDelegate.h */,
				DC8FC96B1846DCDA00B764A6 /* AppDelegate.m */,
				DC4AD6961846F35700F0365B /* BrotherCell.h */,
				DC4AD6971846F35700F0365B /* BrotherCell.m */,
				DC941C9F18E5BE00008DBF74 /* Brother.h */,
				DC941CA018E5BE00008DBF74 /* Brother.m */,
				DC8FC9731846DCDA00B764A6 /* BrothersViewController.h */,
				DC8FC9741846DCDA00B764A6 /* BrothersViewController.m */,
				DCCE6DF5184715970086F4DE /* EventsViewController.h */,
				DCCE6DF6184715970086F4DE /* EventsViewController.m */,
				DCC654FC18ECE5D500BE8C29 /* EventDetailTableViewCell.h */,
				DCC654FD18ECE5D500BE8C29 /* EventDetailTableViewCell.m */,
				DC8FC99D1846E11A00B764A6 /* NYEClient.h */,
				DC8FC99E1846E11A00B764A6 /* NYEClient.m */,
				DC716FD31868347C00E6802B /* house4.jpg */,
				DC4AD6CA1847013200F0365B /* house.jpeg */,
				DC4AD6CB1847013200F0365B /* house2.jpeg */,
				DC4AD6CC1847013200F0365B /* house3.jpeg */,
				DC8FC9761846DCDA00B764A6 /* Images.xcassets */,
				DC8FC9621846DCDA00B764A6 /* Supporting Files */,
			);
			path = NYEpsilon;
			sourceTree = "<group>";
		};
		DC8FC9621846DCDA00B764A6 /* Supporting Files */ = {
			isa = PBXGroup;
			children = (
				DC8FC9631846DCDA00B764A6 /* NYEpsilon-Info.plist */,
				DC8FC9641846DCDA00B764A6 /* InfoPlist.strings */,
				DC8FC9671846DCDA00B764A6 /* main.m */,
				DC8FC9691846DCDA00B764A6 /* NYEpsilon-Prefix.pch */,
				DC941C9918E5B4CA008DBF74 /* NYEpsilon.xcdatamodeld */,
			);
			name = "Supporting Files";
			sourceTree = "<group>";
		};
		DC8FC9831846DCDB00B764A6 /* NYEpsilonTests */ = {
			isa = PBXGroup;
			children = (
				DC8FC9891846DCDB00B764A6 /* NYEpsilonTests.m */,
				DC8FC9841846DCDB00B764A6 /* Supporting Files */,
			);
			path = NYEpsilonTests;
			sourceTree = "<group>";
		};
		DC8FC9841846DCDB00B764A6 /* Supporting Files */ = {
			isa = PBXGroup;
			children = (
				DC8FC9851846DCDB00B764A6 /* NYEpsilonTests-Info.plist */,
				DC8FC9861846DCDB00B764A6 /* InfoPlist.strings */,
			);
			name = "Supporting Files";
			sourceTree = "<group>";
		};
		DCFC90D2186560AE0027F401 /* Transportation */ = {
			isa = PBXGroup;
			children = (
				DCDE8F5C18ED1DAB001AAB4B /* NYETransportationClient.h */,
				DCDE8F5D18ED1DAB001AAB4B /* NYETransportationClient.m */,
				DCFC90BE18650C1E0027F401 /* TransportationViewController.h */,
				DCFC90BF18650C1E0027F401 /* TransportationViewController.m */,
				DCFC90C4186518F10027F401 /* TransportationRouteViewController.h */,
				DCFC90C5186518F10027F401 /* TransportationRouteViewController.m */,
				DCDE8F6518EDD111001AAB4B /* TravelRoute.h */,
				DCDE8F6618EDD111001AAB4B /* TravelRoute.m */,
				DCDE8F6818EDD11D001AAB4B /* RouteStep.h */,
				DCDE8F6918EDD11D001AAB4B /* RouteStep.m */,
				DCDE8F6B18EDD128001AAB4B /* TransitStep.h */,
				DCDE8F6C18EDD128001AAB4B /* TransitStep.m */,
				DCDE8F6E18EDD12E001AAB4B /* WalkingStep.h */,
				DCDE8F6F18EDD12E001AAB4B /* WalkingStep.m */,
				DCDE8F5218ED0B69001AAB4B /* TransportationRideCell.h */,
				DCDE8F5318ED0B69001AAB4B /* TransportationRideCell.m */,
				DCDE8F5F18ED2AA8001AAB4B /* TransportationPublicCell.h */,
				DCDE8F6018ED2AA8001AAB4B /* TransportationPublicCell.m */,
				DC032A0318EE85E8007D7002 /* TransitDetailCell.h */,
				DC032A0418EE85E8007D7002 /* TransitDetailCell.m */,
				DC032A0618EE8600007D7002 /* WalkingDetailCell.h */,
				DC032A0718EE8600007D7002 /* WalkingDetailCell.m */,
			);
			name = Transportation;
			sourceTree = "<group>";
		};
/* End PBXGroup section */

/* Begin PBXNativeTarget section */
		DC8FC9571846DCDA00B764A6 /* NYEpsilon */ = {
			isa = PBXNativeTarget;
			buildConfigurationList = DC8FC98D1846DCDB00B764A6 /* Build configuration list for PBXNativeTarget "NYEpsilon" */;
			buildPhases = (
				99ECAC83A39E4992AD03941A /* Check Pods Manifest.lock */,
				DC8FC9541846DCDA00B764A6 /* Sources */,
				DC8FC9551846DCDA00B764A6 /* Frameworks */,
				DC8FC9561846DCDA00B764A6 /* Resources */,
				4900CAF01B7E40619846D876 /* Copy Pods Resources */,
			);
			buildRules = (
			);
			dependencies = (
				DC4AD6B71846F84E00F0365B /* PBXTargetDependency */,
			);
			name = NYEpsilon;
			productName = NYEpsilon;
			productReference = DC8FC9581846DCDA00B764A6 /* NYEpsilon.app */;
			productType = "com.apple.product-type.application";
		};
		DC8FC97B1846DCDB00B764A6 /* NYEpsilonTests */ = {
			isa = PBXNativeTarget;
			buildConfigurationList = DC8FC9901846DCDB00B764A6 /* Build configuration list for PBXNativeTarget "NYEpsilonTests" */;
			buildPhases = (
				DC8FC9781846DCDB00B764A6 /* Sources */,
				DC8FC9791846DCDB00B764A6 /* Frameworks */,
				DC8FC97A1846DCDB00B764A6 /* Resources */,
			);
			buildRules = (
			);
			dependencies = (
				DC8FC9821846DCDB00B764A6 /* PBXTargetDependency */,
			);
			name = NYEpsilonTests;
			productName = NYEpsilonTests;
			productReference = DC8FC97C1846DCDB00B764A6 /* NYEpsilonTests.xctest */;
			productType = "com.apple.product-type.bundle.unit-test";
		};
/* End PBXNativeTarget section */

/* Begin PBXProject section */
		DC8FC9501846DCDA00B764A6 /* Project object */ = {
			isa = PBXProject;
			attributes = {
				LastUpgradeCheck = 0510;
				ORGANIZATIONNAME = "Stephen Silber";
				TargetAttributes = {
					DC8FC97B1846DCDB00B764A6 = {
						TestTargetID = DC8FC9571846DCDA00B764A6;
					};
				};
			};
			buildConfigurationList = DC8FC9531846DCDA00B764A6 /* Build configuration list for PBXProject "NYEpsilon" */;
			compatibilityVersion = "Xcode 3.2";
			developmentRegion = English;
			hasScannedForEncodings = 0;
			knownRegions = (
				en,
				Base,
			);
			mainGroup = DC8FC94F1846DCDA00B764A6;
			productRefGroup = DC8FC9591846DCDA00B764A6 /* Products */;
			projectDirPath = "";
			projectRoot = "";
			targets = (
				DC8FC9571846DCDA00B764A6 /* NYEpsilon */,
				DC8FC97B1846DCDB00B764A6 /* NYEpsilonTests */,
				DC4AD6A01846F74A00F0365B /* Downsample Images */,
			);
		};
/* End PBXProject section */

/* Begin PBXResourcesBuildPhase section */
		DC8FC9561846DCDA00B764A6 /* Resources */ = {
			isa = PBXResourcesBuildPhase;
			buildActionMask = 2147483647;
			files = (
				DCFC91011865736A0027F401 /* home_sel@2x.png in Resources */,
				DCC6550118ECEB4A00BE8C29 /* event_duration@2x.png in Resources */,
				DCFC90E4186573620027F401 /* calendar-empty@2x.png in Resources */,
				DCFC910F186579460027F401 /* facebook@2x.png in Resources */,
				DCFC91021865736A0027F401 /* map-marker_sel@2x.png in Resources */,
				DC4AD6CD1847013200F0365B /* house.jpeg in Resources */,
				DC716FD41868347C00E6802B /* house4.jpg in Resources */,
				DCDE8F5918ED16BD001AAB4B /* arrow_left@2x.png in Resources */,
				DC8FC9771846DCDA00B764A6 /* Images.xcassets in Resources */,
				DCC6550218ECEB4A00BE8C29 /* event_location@2x.png in Resources */,
				DCF3C25A18E62F0800819372 /* phone@2x.png in Resources */,
				DCFC90E9186573620027F401 /* home@2x.png in Resources */,
				DC4AD6CE1847013200F0365B /* house2.jpeg in Resources */,
				DC4AD6CF1847013200F0365B /* house3.jpeg in Resources */,
				DCFC90EA186573620027F401 /* map-marker@2x.png in Resources */,
				DCFC90ED186573620027F401 /* warning-outline@2x.png in Resources */,
				DCFC90E8186573620027F401 /* group@2x.png in Resources */,
				DC032A0218EE730B007D7002 /* bus@2x.png in Resources */,
				DCFC9111186579460027F401 /* music@2x.png in Resources */,
				DCFC91031865736A0027F401 /* reorder_sel@2x.png in Resources */,
				DC032A0118EE730B007D7002 /* walking@2x.png in Resources */,
				DCFC90E5186573620027F401 /* ellipsis-horizontal@2x.png in Resources */,
				DCFC91041865736A0027F401 /* twitter_sel@2x.png in Resources */,
				DCFC9112186579460027F401 /* twitter@2x.png in Resources */,
				DCFC91001865736A0027F401 /* group_sel@2x.png in Resources */,
				DCFC9110186579460027F401 /* globe@2x.png in Resources */,
				DCDE8F5B18ED1AEF001AAB4B /* pop.mp3 in Resources */,
				DC8FC9661846DCDA00B764A6 /* InfoPlist.strings in Resources */,
				DCFC90EB186573620027F401 /* reorder@2x.png in Resources */,
				DC8FC96F1846DCDA00B764A6 /* Main.storyboard in Resources */,
				DCFC90FC1865736A0027F401 /* calendar-empty_sel@2x.png in Resources */,
				DCFC91051865736A0027F401 /* warning-outline_sel@2x.png in Resources */,
			);
			runOnlyForDeploymentPostprocessing = 0;
		};
		DC8FC97A1846DCDB00B764A6 /* Resources */ = {
			isa = PBXResourcesBuildPhase;
			buildActionMask = 2147483647;
			files = (
				DC8FC9881846DCDB00B764A6 /* InfoPlist.strings in Resources */,
			);
			runOnlyForDeploymentPostprocessing = 0;
		};
/* End PBXResourcesBuildPhase section */

/* Begin PBXShellScriptBuildPhase section */
		4900CAF01B7E40619846D876 /* Copy Pods Resources */ = {
			isa = PBXShellScriptBuildPhase;
			buildActionMask = 2147483647;
			files = (
			);
			inputPaths = (
			);
			name = "Copy Pods Resources";
			outputPaths = (
			);
			runOnlyForDeploymentPostprocessing = 0;
			shellPath = /bin/sh;
			shellScript = "\"${SRCROOT}/Pods/Pods-resources.sh\"\n";
			showEnvVarsInLog = 0;
		};
		99ECAC83A39E4992AD03941A /* Check Pods Manifest.lock */ = {
			isa = PBXShellScriptBuildPhase;
			buildActionMask = 2147483647;
			files = (
			);
			inputPaths = (
			);
			name = "Check Pods Manifest.lock";
			outputPaths = (
			);
			runOnlyForDeploymentPostprocessing = 0;
			shellPath = /bin/sh;
			shellScript = "diff \"${PODS_ROOT}/../Podfile.lock\" \"${PODS_ROOT}/Manifest.lock\" > /dev/null\nif [[ $? != 0 ]] ; then\n    cat << EOM\nerror: The sandbox is not in sync with the Podfile.lock. Run 'pod install' or update your CocoaPods installation.\nEOM\n    exit 1\nfi\n";
			showEnvVarsInLog = 0;
		};
		DC4AD6B51846F83300F0365B /* ShellScript */ = {
			isa = PBXShellScriptBuildPhase;
			buildActionMask = 2147483647;
			files = (
			);
			inputPaths = (
			);
			outputPaths = (
			);
			runOnlyForDeploymentPostprocessing = 0;
			shellPath = /bin/sh;
			shellScript = "#!/bin/bash\n# Downsamples all retina ...@2x.png images.\n\necho \"Downsampling retina images...\"\n\ndir=$(pwd)\nfind \"$dir\" -name \"*@2x.png\" | while read image; do\n\noutfile=$(dirname \"$image\")/$(basename \"$image\" @2x.png).png\n\nif [ \"$image\" -nt \"$outfile\" ]; then\nbasename \"$outfile\"\n\nwidth=$(sips -g \"pixelWidth\" \"$image\" | awk 'FNR>1 {print $2}')\nheight=$(sips -g \"pixelHeight\" \"$image\" | awk 'FNR>1 {print $2}')\nsips -z $(($height / 2)) $(($width / 2)) \"$image\" --out \"$outfile\"\n\ntest \"$outfile\" -nt \"$image\" || exit 1\nfi\ndone";
		};
/* End PBXShellScriptBuildPhase section */

/* Begin PBXSourcesBuildPhase section */
		DC8FC9541846DCDA00B764A6 /* Sources */ = {
			isa = PBXSourcesBuildPhase;
			buildActionMask = 2147483647;
			files = (
				DC941CA118E5BE00008DBF74 /* Brother.m in Sources */,
				DC032A0B18EEED63007D7002 /* NSString+HTML.m in Sources */,
				DCC654FE18ECE5D500BE8C29 /* EventDetailTableViewCell.m in Sources */,
				DCCE6DF7184715970086F4DE /* EventsViewController.m in Sources */,
				DCFC90C6186518F10027F401 /* TransportationRouteViewController.m in Sources */,
				DC8FC99F1846E11A00B764A6 /* NYEClient.m in Sources */,
				DCFC910A186577560027F401 /* MenuViewController.m in Sources */,
				DC941C9B18E5B4CA008DBF74 /* NYEpsilon.xcdatamodeld in Sources */,
				DCDE8F5418ED0B69001AAB4B /* TransportationRideCell.m in Sources */,
				DCFC90C018650C1E0027F401 /* TransportationViewController.m in Sources */,
				DC8FC9751846DCDA00B764A6 /* BrothersViewController.m in Sources */,
				DC032A0818EE8600007D7002 /* WalkingDetailCell.m in Sources */,
				DC8FC96C1846DCDA00B764A6 /* AppDelegate.m in Sources */,
				DC4AD6C9184700DC00F0365B /* ImageGalleryViewController.m in Sources */,
				DC8FC9721846DCDA00B764A6 /* HouseViewController.m in Sources */,
				DCDE8F6718EDD111001AAB4B /* TravelRoute.m in Sources */,
				DC032A0518EE85E8007D7002 /* TransitDetailCell.m in Sources */,
				DC4AD6981846F35700F0365B /* BrotherCell.m in Sources */,
				DCDE8F5718ED11F9001AAB4B /* UIImage+Tint.m in Sources */,
				DC032A0E18EEEDF0007D7002 /* GTMNString+HTML.m in Sources */,
				DCCE6DF4184715190086F4DE /* CKCalendarView.m in Sources */,
				DCDE8F6A18EDD11D001AAB4B /* RouteStep.m in Sources */,
				DCDE8F6D18EDD128001AAB4B /* TransitStep.m in Sources */,
				DCDE8F6118ED2AA8001AAB4B /* TransportationPublicCell.m in Sources */,
				DCFC90CD18652A4E0027F401 /* NSString+stripHTML.m in Sources */,
				DCFC90D5186570B10027F401 /* MainTabBarViewController.m in Sources */,
				DCDE8F7018EDD12E001AAB4B /* WalkingStep.m in Sources */,
				DCDE8F5E18ED1DAB001AAB4B /* NYETransportationClient.m in Sources */,
				DC8FC9681846DCDA00B764A6 /* main.m in Sources */,
				DC4AD6D21847028A00F0365B /* HouseInformationTableViewController.m in Sources */,
			);
			runOnlyForDeploymentPostprocessing = 0;
		};
		DC8FC9781846DCDB00B764A6 /* Sources */ = {
			isa = PBXSourcesBuildPhase;
			buildActionMask = 2147483647;
			files = (
				DC8FC98A1846DCDB00B764A6 /* NYEpsilonTests.m in Sources */,
			);
			runOnlyForDeploymentPostprocessing = 0;
		};
/* End PBXSourcesBuildPhase section */

/* Begin PBXTargetDependency section */
		DC4AD6B71846F84E00F0365B /* PBXTargetDependency */ = {
			isa = PBXTargetDependency;
			target = DC4AD6A01846F74A00F0365B /* Downsample Images */;
			targetProxy = DC4AD6B61846F84E00F0365B /* PBXContainerItemProxy */;
		};
		DC8FC9821846DCDB00B764A6 /* PBXTargetDependency */ = {
			isa = PBXTargetDependency;
			target = DC8FC9571846DCDA00B764A6 /* NYEpsilon */;
			targetProxy = DC8FC9811846DCDB00B764A6 /* PBXContainerItemProxy */;
		};
/* End PBXTargetDependency section */

/* Begin PBXVariantGroup section */
		DC8FC9641846DCDA00B764A6 /* InfoPlist.strings */ = {
			isa = PBXVariantGroup;
			children = (
				DC8FC9651846DCDA00B764A6 /* en */,
			);
			name = InfoPlist.strings;
			sourceTree = "<group>";
		};
		DC8FC96D1846DCDA00B764A6 /* Main.storyboard */ = {
			isa = PBXVariantGroup;
			children = (
				DC8FC96E1846DCDA00B764A6 /* Base */,
			);
			name = Main.storyboard;
			sourceTree = "<group>";
		};
		DC8FC9861846DCDB00B764A6 /* InfoPlist.strings */ = {
			isa = PBXVariantGroup;
			children = (
				DC8FC9871846DCDB00B764A6 /* en */,
			);
			name = InfoPlist.strings;
			sourceTree = "<group>";
		};
/* End PBXVariantGroup section */

/* Begin XCBuildConfiguration section */
		DC4AD6A21846F74A00F0365B /* Debug */ = {
			isa = XCBuildConfiguration;
			buildSettings = {
				PRODUCT_NAME = "$(TARGET_NAME)";
			};
			name = Debug;
		};
		DC4AD6A31846F74A00F0365B /* Release */ = {
			isa = XCBuildConfiguration;
			buildSettings = {
				PRODUCT_NAME = "$(TARGET_NAME)";
			};
			name = Release;
		};
		DC8FC98B1846DCDB00B764A6 /* Debug */ = {
			isa = XCBuildConfiguration;
			buildSettings = {
				ALWAYS_SEARCH_USER_PATHS = NO;
				CLANG_CXX_LANGUAGE_STANDARD = "gnu++0x";
				CLANG_CXX_LIBRARY = "libc++";
				CLANG_ENABLE_MODULES = YES;
				CLANG_ENABLE_OBJC_ARC = YES;
				CLANG_WARN_BOOL_CONVERSION = YES;
				CLANG_WARN_CONSTANT_CONVERSION = YES;
				CLANG_WARN_DIRECT_OBJC_ISA_USAGE = YES_ERROR;
				CLANG_WARN_EMPTY_BODY = YES;
				CLANG_WARN_ENUM_CONVERSION = YES;
				CLANG_WARN_INT_CONVERSION = YES;
				CLANG_WARN_OBJC_ROOT_CLASS = YES_ERROR;
				CLANG_WARN__DUPLICATE_METHOD_MATCH = YES;
				"CODE_SIGN_IDENTITY[sdk=iphoneos*]" = "iPhone Developer";
				COPY_PHASE_STRIP = NO;
				GCC_C_LANGUAGE_STANDARD = gnu99;
				GCC_DYNAMIC_NO_PIC = NO;
				GCC_OPTIMIZATION_LEVEL = 0;
				GCC_PREPROCESSOR_DEFINITIONS = (
					"DEBUG=1",
					"$(inherited)",
				);
				GCC_SYMBOLS_PRIVATE_EXTERN = NO;
				GCC_WARN_64_TO_32_BIT_CONVERSION = YES;
				GCC_WARN_ABOUT_RETURN_TYPE = YES_ERROR;
				GCC_WARN_UNDECLARED_SELECTOR = YES;
				GCC_WARN_UNINITIALIZED_AUTOS = YES;
				GCC_WARN_UNUSED_FUNCTION = YES;
				GCC_WARN_UNUSED_VARIABLE = YES;
				IPHONEOS_DEPLOYMENT_TARGET = 6.0;
				ONLY_ACTIVE_ARCH = YES;
				SDKROOT = iphoneos;
			};
			name = Debug;
		};
		DC8FC98C1846DCDB00B764A6 /* Release */ = {
			isa = XCBuildConfiguration;
			buildSettings = {
				ALWAYS_SEARCH_USER_PATHS = NO;
				CLANG_CXX_LANGUAGE_STANDARD = "gnu++0x";
				CLANG_CXX_LIBRARY = "libc++";
				CLANG_ENABLE_MODULES = YES;
				CLANG_ENABLE_OBJC_ARC = YES;
				CLANG_WARN_BOOL_CONVERSION = YES;
				CLANG_WARN_CONSTANT_CONVERSION = YES;
				CLANG_WARN_DIRECT_OBJC_ISA_USAGE = YES_ERROR;
				CLANG_WARN_EMPTY_BODY = YES;
				CLANG_WARN_ENUM_CONVERSION = YES;
				CLANG_WARN_INT_CONVERSION = YES;
				CLANG_WARN_OBJC_ROOT_CLASS = YES_ERROR;
				CLANG_WARN__DUPLICATE_METHOD_MATCH = YES;
				"CODE_SIGN_IDENTITY[sdk=iphoneos*]" = "iPhone Developer";
				COPY_PHASE_STRIP = YES;
				ENABLE_NS_ASSERTIONS = NO;
				GCC_C_LANGUAGE_STANDARD = gnu99;
				GCC_WARN_64_TO_32_BIT_CONVERSION = YES;
				GCC_WARN_ABOUT_RETURN_TYPE = YES_ERROR;
				GCC_WARN_UNDECLARED_SELECTOR = YES;
				GCC_WARN_UNINITIALIZED_AUTOS = YES;
				GCC_WARN_UNUSED_FUNCTION = YES;
				GCC_WARN_UNUSED_VARIABLE = YES;
				IPHONEOS_DEPLOYMENT_TARGET = 6.0;
				SDKROOT = iphoneos;
				VALIDATE_PRODUCT = YES;
			};
			name = Release;
		};
		DC8FC98E1846DCDB00B764A6 /* Debug */ = {
			isa = XCBuildConfiguration;
			baseConfigurationReference = E3D9D6648FD0496DB6475732 /* Pods/Pods.xcconfig */;
			buildSettings = {
				ASSETCATALOG_COMPILER_APPICON_NAME = AppIcon;
				ASSETCATALOG_COMPILER_LAUNCHIMAGE_NAME = LaunchImage;
				GCC_PRECOMPILE_PREFIX_HEADER = YES;
				GCC_PREFIX_HEADER = "NYEpsilon/NYEpsilon-Prefix.pch";
				INFOPLIST_FILE = "NYEpsilon/NYEpsilon-Info.plist";
				IPHONEOS_DEPLOYMENT_TARGET = 6.0;
				PRODUCT_NAME = "$(TARGET_NAME)";
				WRAPPER_EXTENSION = app;
			};
			name = Debug;
		};
		DC8FC98F1846DCDB00B764A6 /* Release */ = {
			isa = XCBuildConfiguration;
			baseConfigurationReference = E3D9D6648FD0496DB6475732 /* Pods/Pods.xcconfig */;
			buildSettings = {
				ASSETCATALOG_COMPILER_APPICON_NAME = AppIcon;
				ASSETCATALOG_COMPILER_LAUNCHIMAGE_NAME = LaunchImage;
				GCC_PRECOMPILE_PREFIX_HEADER = YES;
				GCC_PREFIX_HEADER = "NYEpsilon/NYEpsilon-Prefix.pch";
				INFOPLIST_FILE = "NYEpsilon/NYEpsilon-Info.plist";
				IPHONEOS_DEPLOYMENT_TARGET = 6.0;
				PRODUCT_NAME = "$(TARGET_NAME)";
				WRAPPER_EXTENSION = app;
			};
			name = Release;
		};
		DC8FC9911846DCDB00B764A6 /* Debug */ = {
			isa = XCBuildConfiguration;
			buildSettings = {
				BUNDLE_LOADER = "$(BUILT_PRODUCTS_DIR)/NYEpsilon.app/NYEpsilon";
				FRAMEWORK_SEARCH_PATHS = (
					"$(SDKROOT)/Developer/Library/Frameworks",
					"$(inherited)",
					"$(DEVELOPER_FRAMEWORKS_DIR)",
				);
				GCC_PRECOMPILE_PREFIX_HEADER = YES;
				GCC_PREFIX_HEADER = "NYEpsilon/NYEpsilon-Prefix.pch";
				GCC_PREPROCESSOR_DEFINITIONS = (
					"DEBUG=1",
					"$(inherited)",
				);
				INFOPLIST_FILE = "NYEpsilonTests/NYEpsilonTests-Info.plist";
				PRODUCT_NAME = "$(TARGET_NAME)";
				TEST_HOST = "$(BUNDLE_LOADER)";
				WRAPPER_EXTENSION = xctest;
			};
			name = Debug;
		};
		DC8FC9921846DCDB00B764A6 /* Release */ = {
			isa = XCBuildConfiguration;
			buildSettings = {
				BUNDLE_LOADER = "$(BUILT_PRODUCTS_DIR)/NYEpsilon.app/NYEpsilon";
				FRAMEWORK_SEARCH_PATHS = (
					"$(SDKROOT)/Developer/Library/Frameworks",
					"$(inherited)",
					"$(DEVELOPER_FRAMEWORKS_DIR)",
				);
				GCC_PRECOMPILE_PREFIX_HEADER = YES;
				GCC_PREFIX_HEADER = "NYEpsilon/NYEpsilon-Prefix.pch";
				INFOPLIST_FILE = "NYEpsilonTests/NYEpsilonTests-Info.plist";
				PRODUCT_NAME = "$(TARGET_NAME)";
				TEST_HOST = "$(BUNDLE_LOADER)";
				WRAPPER_EXTENSION = xctest;
			};
			name = Release;
		};
/* End XCBuildConfiguration section */

/* Begin XCConfigurationList section */
		DC4AD6A11846F74A00F0365B /* Build configuration list for PBXAggregateTarget "Downsample Images" */ = {
			isa = XCConfigurationList;
			buildConfigurations = (
				DC4AD6A21846F74A00F0365B /* Debug */,
				DC4AD6A31846F74A00F0365B /* Release */,
			);
			defaultConfigurationIsVisible = 0;
			defaultConfigurationName = Release;
		};
		DC8FC9531846DCDA00B764A6 /* Build configuration list for PBXProject "NYEpsilon" */ = {
			isa = XCConfigurationList;
			buildConfigurations = (
				DC8FC98B1846DCDB00B764A6 /* Debug */,
				DC8FC98C1846DCDB00B764A6 /* Release */,
			);
			defaultConfigurationIsVisible = 0;
			defaultConfigurationName = Release;
		};
		DC8FC98D1846DCDB00B764A6 /* Build configuration list for PBXNativeTarget "NYEpsilon" */ = {
			isa = XCConfigurationList;
			buildConfigurations = (
				DC8FC98E1846DCDB00B764A6 /* Debug */,
				DC8FC98F1846DCDB00B764A6 /* Release */,
			);
			defaultConfigurationIsVisible = 0;
			defaultConfigurationName = Release;
		};
		DC8FC9901846DCDB00B764A6 /* Build configuration list for PBXNativeTarget "NYEpsilonTests" */ = {
			isa = XCConfigurationList;
			buildConfigurations = (
				DC8FC9911846DCDB00B764A6 /* Debug */,
				DC8FC9921846DCDB00B764A6 /* Release */,
			);
			defaultConfigurationIsVisible = 0;
			defaultConfigurationName = Release;
		};
/* End XCConfigurationList section */

/* Begin XCVersionGroup section */
		DC941C9918E5B4CA008DBF74 /* NYEpsilon.xcdatamodeld */ = {
			isa = XCVersionGroup;
			children = (
				DC941C9A18E5B4CA008DBF74 /* NYEpsilon.xcdatamodel */,
			);
			currentVersion = DC941C9A18E5B4CA008DBF74 /* NYEpsilon.xcdatamodel */;
			path = NYEpsilon.xcdatamodeld;
			sourceTree = "<group>";
			versionGroupType = wrapper.xcdatamodel;
		};
/* End XCVersionGroup section */
	};
	rootObject = DC8FC9501846DCDA00B764A6 /* Project object */;
}
